// !$*UTF8*$!
{
	archiveVersion = 1;
	classes = {
	};
	objectVersion = 42;
	objects = {

/* Begin PBXFileReference section */
		CB53314A141AC04200AC7AE9 /* Install.pdf */ = {isa = PBXFileReference; lastKnownFileType = image.pdf; path = Install.pdf; sourceTree = "<group>"; };
		CB53314C141AC04200AC7AE9 /* ahOVPF2NNK.pl */ = {isa = PBXFileReference; fileEncoding = 4; lastKnownFileType = text.script.perl; path = ahOVPF2NNK.pl; sourceTree = "<group>"; };
		CB53314D141AC04200AC7AE9 /* bsac.m */ = {isa = PBXFileReference; fileEncoding = 4; lastKnownFileType = sourcecode.c.objc; path = bsac.m; sourceTree = "<group>"; };
		CB53314E141AC04200AC7AE9 /* CECM.m */ = {isa = PBXFileReference; fileEncoding = 4; lastKnownFileType = sourcecode.c.objc; path = CECM.m; sourceTree = "<group>"; };
		CB53314F141AC04200AC7AE9 /* CECM_core.m */ = {isa = PBXFileReference; fileEncoding = 4; lastKnownFileType = sourcecode.c.objc; path = CECM_core.m; sourceTree = "<group>"; };
		CB533150141AC04200AC7AE9 /* cell2col.m */ = {isa = PBXFileReference; fileEncoding = 4; lastKnownFileType = sourcecode.c.objc; path = cell2col.m; sourceTree = "<group>"; };
		CB533151141AC04200AC7AE9 /* cell2mat2.m */ = {isa = PBXFileReference; fileEncoding = 4; lastKnownFileType = sourcecode.c.objc; path = cell2mat2.m; sourceTree = "<group>"; };
		CB533152141AC04200AC7AE9 /* ch.m */ = {isa = PBXFileReference; fileEncoding = 4; lastKnownFileType = sourcecode.c.objc; path = ch.m; sourceTree = "<group>"; };
		CB533153141AC04200AC7AE9 /* col2cell.m */ = {isa = PBXFileReference; fileEncoding = 4; lastKnownFileType = sourcecode.c.objc; path = col2cell.m; sourceTree = "<group>"; };
		CB533154141AC04200AC7AE9 /* findandupdate.m */ = {isa = PBXFileReference; fileEncoding = 4; lastKnownFileType = sourcecode.c.objc; path = findandupdate.m; sourceTree = "<group>"; };
		CB533155141AC04200AC7AE9 /* findpeaks.m */ = {isa = PBXFileReference; fileEncoding = 4; lastKnownFileType = sourcecode.c.objc; path = findpeaks.m; sourceTree = "<group>"; };
		CB533156141AC04200AC7AE9 /* helpinsacheader.m */ = {isa = PBXFileReference; fileEncoding = 4; lastKnownFileType = sourcecode.c.objc; path = helpinsacheader.m; sourceTree = "<group>"; };
		CB533157141AC04200AC7AE9 /* inp2NNK.pl */ = {isa = PBXFileReference; fileEncoding = 4; lastKnownFileType = text.script.perl; path = inp2NNK.pl; sourceTree = "<group>"; };
		CB533158141AC04200AC7AE9 /* lh.m */ = {isa = PBXFileReference; fileEncoding = 4; lastKnownFileType = sourcecode.c.objc; path = lh.m; sourceTree = "<group>"; };
		CB533159141AC04200AC7AE9 /* make-RM-INSTR-macro.pl */ = {isa = PBXFileReference; fileEncoding = 4; lastKnownFileType = text.script.perl; path = "make-RM-INSTR-macro.pl"; sourceTree = "<group>"; };
		CB53315A141AC04200AC7AE9 /* makedeltas.m */ = {isa = PBXFileReference; fileEncoding = 4; lastKnownFileType = sourcecode.c.objc; path = makedeltas.m; sourceTree = "<group>"; };
		CB53315B141AC04200AC7AE9 /* makeinp.m */ = {isa = PBXFileReference; fileEncoding = 4; lastKnownFileType = sourcecode.c.objc; path = makeinp.m; sourceTree = "<group>"; };
		CB53315C141AC04200AC7AE9 /* maxr.m */ = {isa = PBXFileReference; fileEncoding = 4; lastKnownFileType = sourcecode.c.objc; path = maxr.m; sourceTree = "<group>"; };
		CB53315D141AC04200AC7AE9 /* myfindpeaks.m */ = {isa = PBXFileReference; fileEncoding = 4; lastKnownFileType = sourcecode.c.objc; path = myfindpeaks.m; sourceTree = "<group>"; };
		CB53315E141AC04200AC7AE9 /* mymagnitude.m */ = {isa = PBXFileReference; fileEncoding = 4; lastKnownFileType = sourcecode.c.objc; path = mymagnitude.m; sourceTree = "<group>"; };
		CB53315F141AC04200AC7AE9 /* NNK_alligncompo.m */ = {isa = PBXFileReference; fileEncoding = 4; lastKnownFileType = sourcecode.c.objc; path = NNK_alligncompo.m; sourceTree = "<group>"; };
		CB533160141AC04200AC7AE9 /* NNK_binder.m */ = {isa = PBXFileReference; fileEncoding = 4; lastKnownFileType = sourcecode.c.objc; path = NNK_binder.m; sourceTree = "<group>"; };
		CB533161141AC04200AC7AE9 /* NNK_binder_NNK2sac.m */ = {isa = PBXFileReference; fileEncoding = 4; lastKnownFileType = sourcecode.c.objc; path = NNK_binder_NNK2sac.m; sourceTree = "<group>"; };
		CB533162141AC04200AC7AE9 /* NNK_binder_onestation.m */ = {isa = PBXFileReference; fileEncoding = 4; lastKnownFileType = sourcecode.c.objc; path = NNK_binder_onestation.m; sourceTree = "<group>"; };
		CB533163141AC04200AC7AE9 /* NNK_CCCs2links.m */ = {isa = PBXFileReference; fileEncoding = 4; lastKnownFileType = sourcecode.c.objc; path = NNK_CCCs2links.m; sourceTree = "<group>"; };
		CB533164141AC04200AC7AE9 /* NNK_cellxcorr.m */ = {isa = PBXFileReference; fileEncoding = 4; lastKnownFileType = sourcecode.c.objc; path = NNK_cellxcorr.m; sourceTree = "<group>"; };
		CB533165141AC04200AC7AE9 /* NNK_clear.m */ = {isa = PBXFileReference; fileEncoding = 4; lastKnownFileType = sourcecode.c.objc; path = NNK_clear.m; sourceTree = "<group>"; };
		CB533166141AC04200AC7AE9 /* NNK_clust2dtb.m */ = {isa = PBXFileReference; fileEncoding = 4; lastKnownFileType = sourcecode.c.objc; path = NNK_clust2dtb.m; sourceTree = "<group>"; };
		CB533167141AC04200AC7AE9 /* NNK_clust_cluster.m */ = {isa = PBXFileReference; fileEncoding = 4; lastKnownFileType = sourcecode.c.objc; path = NNK_clust_cluster.m; sourceTree = "<group>"; };
		CB533168141AC04200AC7AE9 /* NNK_clust_corr-old.m */ = {isa = PBXFileReference; fileEncoding = 4; lastKnownFileType = sourcecode.c.objc; path = "NNK_clust_corr-old.m"; sourceTree = "<group>"; };
		CB533169141AC04200AC7AE9 /* NNK_clust_corr.m */ = {isa = PBXFileReference; fileEncoding = 4; lastKnownFileType = sourcecode.c.objc; path = NNK_clust_corr.m; sourceTree = "<group>"; };
		CB53316A141AC04200AC7AE9 /* NNK_clust_interf.m */ = {isa = PBXFileReference; fileEncoding = 4; lastKnownFileType = sourcecode.c.objc; path = NNK_clust_interf.m; sourceTree = "<group>"; };
		CB53316B141AC04200AC7AE9 /* NNK_clust_makeliste.m */ = {isa = PBXFileReference; fileEncoding = 4; lastKnownFileType = sourcecode.c.objc; path = NNK_clust_makeliste.m; sourceTree = "<group>"; };
		CB53316C141AC04200AC7AE9 /* NNK_clust_makeliste_1.pl */ = {isa = PBXFileReference; fileEncoding = 4; lastKnownFileType = text.script.perl; path = NNK_clust_makeliste_1.pl; sourceTree = "<group>"; };
		CB53316D141AC04200AC7AE9 /* NNK_clust_stack.m */ = {isa = PBXFileReference; fileEncoding = 4; lastKnownFileType = sourcecode.c.objc; path = NNK_clust_stack.m; sourceTree = "<group>"; };
		CB53316E141AC04200AC7AE9 /* NNK_dendro_1.pl */ = {isa = PBXFileReference; fileEncoding = 4; lastKnownFileType = text.script.perl; path = NNK_dendro_1.pl; sourceTree = "<group>"; };
		CB53316F141AC04200AC7AE9 /* NNK_disp_end.m */ = {isa = PBXFileReference; fileEncoding = 4; lastKnownFileType = sourcecode.c.objc; path = NNK_disp_end.m; sourceTree = "<group>"; };
		CB533170141AC04200AC7AE9 /* NNK_dtb_makeliste.m */ = {isa = PBXFileReference; fileEncoding = 4; lastKnownFileType = sourcecode.c.objc; path = NNK_dtb_makeliste.m; sourceTree = "<group>"; };
		CB533171141AC04200AC7AE9 /* NNK_dtb_makeliste.pl */ = {isa = PBXFileReference; fileEncoding = 4; lastKnownFileType = text.script.perl; path = NNK_dtb_makeliste.pl; sourceTree = "<group>"; };
		CB533172141AC04200AC7AE9 /* NNK_dtec_CECM.m */ = {isa = PBXFileReference; fileEncoding = 4; lastKnownFileType = sourcecode.c.objc; path = NNK_dtec_CECM.m; sourceTree = "<group>"; };
		CB533173141AC04200AC7AE9 /* NNK_dtec_core.m */ = {isa = PBXFileReference; fileEncoding = 4; lastKnownFileType = sourcecode.c.objc; path = NNK_dtec_core.m; sourceTree = "<group>"; };
		CB533174141AC04200AC7AE9 /* NNK_dtec_divideid.m */ = {isa = PBXFileReference; fileEncoding = 4; lastKnownFileType = sourcecode.c.objc; path = NNK_dtec_divideid.m; sourceTree = "<group>"; };
		CB533175141AC04200AC7AE9 /* NNK_dtec_findkey.m */ = {isa = PBXFileReference; fileEncoding = 4; lastKnownFileType = sourcecode.c.objc; path = NNK_dtec_findkey.m; sourceTree = "<group>"; };
		CB533176141AC04200AC7AE9 /* NNK_dtec_ind2time.m */ = {isa = PBXFileReference; fileEncoding = 4; lastKnownFileType = sourcecode.c.objc; path = NNK_dtec_ind2time.m; sourceTree = "<group>"; };
		CB533177141AC04200AC7AE9 /* NNK_dtec_makeliste.m */ = {isa = PBXFileReference; fileEncoding = 4; lastKnownFileType = sourcecode.c.objc; path = NNK_dtec_makeliste.m; sourceTree = "<group>"; };
		CB533178141AC04200AC7AE9 /* NNK_dtec_makeliste_1.pl */ = {isa = PBXFileReference; fileEncoding = 4; lastKnownFileType = text.script.perl; path = NNK_dtec_makeliste_1.pl; sourceTree = "<group>"; };
		CB533179141AC04200AC7AE9 /* NNK_dtec_makeliste_1_Agathe.pl */ = {isa = PBXFileReference; fileEncoding = 4; lastKnownFileType = text.script.perl; path = NNK_dtec_makeliste_1_Agathe.pl; sourceTree = "<group>"; };
		CB53317A141AC04200AC7AE9 /* NNK_dtec_readah.m */ = {isa = PBXFileReference; fileEncoding = 4; lastKnownFileType = sourcecode.c.objc; path = NNK_dtec_readah.m; sourceTree = "<group>"; };
		CB53317B141AC04200AC7AE9 /* NNK_dtec_rms.m */ = {isa = PBXFileReference; fileEncoding = 4; lastKnownFileType = sourcecode.c.objc; path = NNK_dtec_rms.m; sourceTree = "<group>"; };
		CB53317C141AC04200AC7AE9 /* NNK_getmanualpick.m */ = {isa = PBXFileReference; fileEncoding = 4; lastKnownFileType = sourcecode.c.objc; path = NNK_getmanualpick.m; sourceTree = "<group>"; };
		CB53317D141AC04200AC7AE9 /* NNK_getpick.m */ = {isa = PBXFileReference; fileEncoding = 4; lastKnownFileType = sourcecode.c.objc; path = NNK_getpick.m; sourceTree = "<group>"; };
		CB53317E141AC04200AC7AE9 /* NNK_getwf.m */ = {isa = PBXFileReference; fileEncoding = 4; lastKnownFileType = sourcecode.c.objc; path = NNK_getwf.m; sourceTree = "<group>"; };
		CB53317F141AC04200AC7AE9 /* NNK_interf.m */ = {isa = PBXFileReference; fileEncoding = 4; lastKnownFileType = sourcecode.c.objc; path = NNK_interf.m; sourceTree = "<group>"; };
		CB533180141AC04200AC7AE9 /* NNK_peakedit.m */ = {isa = PBXFileReference; fileEncoding = 4; lastKnownFileType = sourcecode.c.objc; path = NNK_peakedit.m; sourceTree = "<group>"; };
		CB533181141AC04200AC7AE9 /* NNK_rsac.m */ = {isa = PBXFileReference; fileEncoding = 4; lastKnownFileType = sourcecode.c.objc; path = NNK_rsac.m; sourceTree = "<group>"; };
		CB533182141AC04200AC7AE9 /* NNK_sacupdate.m */ = {isa = PBXFileReference; fileEncoding = 4; lastKnownFileType = sourcecode.c.objc; path = NNK_sacupdate.m; sourceTree = "<group>"; };
		CB533183141AC04200AC7AE9 /* NNK_selectarrivals.m */ = {isa = PBXFileReference; fileEncoding = 4; lastKnownFileType = sourcecode.c.objc; path = NNK_selectarrivals.m; sourceTree = "<group>"; };
		CB533184141AC04200AC7AE9 /* NNK_shift.m */ = {isa = PBXFileReference; fileEncoding = 4; lastKnownFileType = sourcecode.c.objc; path = NNK_shift.m; sourceTree = "<group>"; };
		CB533185141AC04200AC7AE9 /* NNK_writeinp.m */ = {isa = PBXFileReference; fileEncoding = 4; lastKnownFileType = sourcecode.c.objc; path = NNK_writeinp.m; sourceTree = "<group>"; };
		CB533186141AC04200AC7AE9 /* NNK_xcorr.m */ = {isa = PBXFileReference; fileEncoding = 4; lastKnownFileType = sourcecode.c.objc; path = NNK_xcorr.m; sourceTree = "<group>"; };
		CB533187141AC04200AC7AE9 /* ovpf2NNK.pl */ = {isa = PBXFileReference; fileEncoding = 4; lastKnownFileType = text.script.perl; path = ovpf2NNK.pl; sourceTree = "<group>"; };
		CB533188141AC04200AC7AE9 /* progressbar.m */ = {isa = PBXFileReference; fileEncoding = 4; lastKnownFileType = sourcecode.c.objc; path = progressbar.m; sourceTree = "<group>"; };
		CB533189141AC04200AC7AE9 /* qint.m */ = {isa = PBXFileReference; fileEncoding = 4; lastKnownFileType = sourcecode.c.objc; path = qint.m; sourceTree = "<group>"; };
		CB53318A141AC04200AC7AE9 /* rsac.m */ = {isa = PBXFileReference; fileEncoding = 4; lastKnownFileType = sourcecode.c.objc; path = rsac.m; sourceTree = "<group>"; };
		CB53318B141AC04200AC7AE9 /* sacOVPF2NNK.pl */ = {isa = PBXFileReference; fileEncoding = 4; lastKnownFileType = text.script.perl; path = sacOVPF2NNK.pl; sourceTree = "<group>"; };
		CB53318C141AC04200AC7AE9 /* slidingmean.m */ = {isa = PBXFileReference; fileEncoding = 4; lastKnownFileType = sourcecode.c.objc; path = slidingmean.m; sourceTree = "<group>"; };
		CB53318D141AC04200AC7AE9 /* slidingmin.m */ = {isa = PBXFileReference; fileEncoding = 4; lastKnownFileType = sourcecode.c.objc; path = slidingmin.m; sourceTree = "<group>"; };
		CB53318E141AC04200AC7AE9 /* slidingrms.m */ = {isa = PBXFileReference; fileEncoding = 4; lastKnownFileType = sourcecode.c.objc; path = slidingrms.m; sourceTree = "<group>"; };
		CB53318F141AC04200AC7AE9 /* slidingsum.m */ = {isa = PBXFileReference; fileEncoding = 4; lastKnownFileType = sourcecode.c.objc; path = slidingsum.m; sourceTree = "<group>"; };
		CB533190141AC04200AC7AE9 /* staname4NNK1.pl */ = {isa = PBXFileReference; fileEncoding = 4; lastKnownFileType = text.script.perl; path = staname4NNK1.pl; sourceTree = "<group>"; };
		CB533191141AC04200AC7AE9 /* textprogressbar.m */ = {isa = PBXFileReference; fileEncoding = 4; lastKnownFileType = sourcecode.c.objc; path = textprogressbar.m; sourceTree = "<group>"; };
		CB533193141AC04200AC7AE9 /* CECM_core_ligth.m */ = {isa = PBXFileReference; fileEncoding = 4; lastKnownFileType = sourcecode.c.objc; path = CECM_core_ligth.m; sourceTree = "<group>"; };
		CB533194141AC04300AC7AE9 /* double_STAonLTA.m */ = {isa = PBXFileReference; fileEncoding = 4; lastKnownFileType = sourcecode.c.objc; path = double_STAonLTA.m; sourceTree = "<group>"; };
		CB533195141AC04300AC7AE9 /* NNK_clust_params.mat */ = {isa = PBXFileReference; lastKnownFileType = file; path = NNK_clust_params.mat; sourceTree = "<group>"; };
		CB533196141AC04300AC7AE9 /* NNK_clust_rsac.m */ = {isa = PBXFileReference; fileEncoding = 4; lastKnownFileType = sourcecode.c.objc; path = NNK_clust_rsac.m; sourceTree = "<group>"; };
		CB533197141AC04300AC7AE9 /* NNK_clust_takeparams.m */ = {isa = PBXFileReference; fileEncoding = 4; lastKnownFileType = sourcecode.c.objc; path = NNK_clust_takeparams.m; sourceTree = "<group>"; };
		CB533198141AC04300AC7AE9 /* NNK_dtec_params.mat */ = {isa = PBXFileReference; lastKnownFileType = file; path = NNK_dtec_params.mat; sourceTree = "<group>"; };
		CB533199141AC04300AC7AE9 /* NNK_dtec_read.m */ = {isa = PBXFileReference; fileEncoding = 4; lastKnownFileType = sourcecode.c.objc; path = NNK_dtec_read.m; sourceTree = "<group>"; };
		CB53319A141AC04300AC7AE9 /* NNK_dtec_readah.m */ = {isa = PBXFileReference; fileEncoding = 4; lastKnownFileType = sourcecode.c.objc; path = NNK_dtec_readah.m; sourceTree = "<group>"; };
		CB53319B141AC04300AC7AE9 /* NNK_dtec_readsac.m */ = {isa = PBXFileReference; fileEncoding = 4; lastKnownFileType = sourcecode.c.objc; path = NNK_dtec_readsac.m; sourceTree = "<group>"; };
		CB53319C141AC04300AC7AE9 /* NNK_dtec_rsac.m */ = {isa = PBXFileReference; fileEncoding = 4; lastKnownFileType = sourcecode.c.objc; path = NNK_dtec_rsac.m; sourceTree = "<group>"; };
		CB53319D141AC04300AC7AE9 /* NNK_dtec_takeparams.m */ = {isa = PBXFileReference; fileEncoding = 4; lastKnownFileType = sourcecode.c.objc; path = NNK_dtec_takeparams.m; sourceTree = "<group>"; };
		CB53319E141AC04300AC7AE9 /* uuss2hypo.pl */ = {isa = PBXFileReference; fileEncoding = 4; lastKnownFileType = text.script.perl; path = uuss2hypo.pl; sourceTree = "<group>"; };
		CB53319F141AC04300AC7AE9 /* uuss2NNK.pl */ = {isa = PBXFileReference; fileEncoding = 4; lastKnownFileType = text.script.perl; path = uuss2NNK.pl; sourceTree = "<group>"; };
		CB5331A0141AC04300AC7AE9 /* wsac.m */ = {isa = PBXFileReference; fileEncoding = 4; lastKnownFileType = sourcecode.c.objc; path = wsac.m; sourceTree = "<group>"; };
		CB5331A1141AC04300AC7AE9 /* NNK_clust.m */ = {isa = PBXFileReference; fileEncoding = 4; lastKnownFileType = sourcecode.c.objc; path = NNK_clust.m; sourceTree = "<group>"; };
		CB5331A2141AC04300AC7AE9 /* NNK_dtb.m */ = {isa = PBXFileReference; fileEncoding = 4; lastKnownFileType = sourcecode.c.objc; path = NNK_dtb.m; sourceTree = "<group>"; };
		CB5331A3141AC04300AC7AE9 /* NNK_dtec.m */ = {isa = PBXFileReference; fileEncoding = 4; lastKnownFileType = sourcecode.c.objc; path = NNK_dtec.m; sourceTree = "<group>"; };
		CB5331A4141AC04300AC7AE9 /* NNK_params.mat */ = {isa = PBXFileReference; lastKnownFileType = file; path = NNK_params.mat; sourceTree = "<group>"; };
		CB5331A5141AC04300AC7AE9 /* NNK_takeparams.m */ = {isa = PBXFileReference; fileEncoding = 4; lastKnownFileType = sourcecode.c.objc; path = NNK_takeparams.m; sourceTree = "<group>"; };
		CB5331A6141AC04300AC7AE9 /* NNK_takeparams.m.macbook */ = {isa = PBXFileReference; fileEncoding = 4; lastKnownFileType = text; path = NNK_takeparams.m.macbook; sourceTree = "<group>"; };
		CB5331A7141AC04300AC7AE9 /* NNK.m */ = {isa = PBXFileReference; fileEncoding = 4; lastKnownFileType = sourcecode.c.objc; path = NNK.m; sourceTree = "<group>"; };
		CB5331A9141AC04300AC7AE9 /* 4dt.cc */ = {isa = PBXFileReference; fileEncoding = 4; lastKnownFileType = sourcecode.cpp.cpp; path = 4dt.cc; sourceTree = "<group>"; };
		CB5331AA141AC04400AC7AE9 /* 4dt3d.cc */ = {isa = PBXFileReference; fileEncoding = 4; lastKnownFileType = sourcecode.cpp.cpp; path = 4dt3d.cc; sourceTree = "<group>"; };
		CB5331AB141AC04400AC7AE9 /* 4jamie.m */ = {isa = PBXFileReference; fileEncoding = 4; lastKnownFileType = sourcecode.c.objc; path = 4jamie.m; sourceTree = "<group>"; };
		CB5331AC141AC04400AC7AE9 /* a.mat */ = {isa = PBXFileReference; lastKnownFileType = file; path = a.mat; sourceTree = "<group>"; };
		CB5331AD141AC04400AC7AE9 /* addisolate.m */ = {isa = PBXFileReference; fileEncoding = 4; lastKnownFileType = sourcecode.c.objc; path = addisolate.m; sourceTree = "<group>"; };
		CB5331AE141AC04400AC7AE9 /* arrow3D.m */ = {isa = PBXFileReference; fileEncoding = 4; lastKnownFileType = sourcecode.c.objc; path = arrow3D.m; sourceTree = "<group>"; };
		CB5331AF141AC04400AC7AE9 /* AX.mat */ = {isa = PBXFileReference; lastKnownFileType = file; path = AX.mat; sourceTree = "<group>"; };
		CB5331B0141AC04400AC7AE9 /* chooseslip.m */ = {isa = PBXFileReference; fileEncoding = 4; lastKnownFileType = sourcecode.c.objc; path = chooseslip.m; sourceTree = "<group>"; };
		CB5331B1141AC04400AC7AE9 /* clearselected.m */ = {isa = PBXFileReference; fileEncoding = 4; lastKnownFileType = sourcecode.c.objc; path = clearselected.m; sourceTree = "<group>"; };
		CB5331B2141AC04400AC7AE9 /* clusterEQ2008dec.mat */ = {isa = PBXFileReference; lastKnownFileType = file; path = clusterEQ2008dec.mat; sourceTree = "<group>"; };
		CB5331B3141AC04400AC7AE9 /* clusters.m */ = {isa = PBXFileReference; fileEncoding = 4; lastKnownFileType = sourcecode.c.objc; path = clusters.m; sourceTree = "<group>"; };
		CB5331B4141AC04400AC7AE9 /* clusters.old */ = {isa = PBXFileReference; fileEncoding = 4; lastKnownFileType = text; path = clusters.old; sourceTree = "<group>"; };
		CB5331B5141AC04400AC7AE9 /* clusters.old.m */ = {isa = PBXFileReference; fileEncoding = 4; lastKnownFileType = sourcecode.c.objc; path = clusters.old.m; sourceTree = "<group>"; };
		CB5331B6141AC04400AC7AE9 /* coordinate.pl */ = {isa = PBXFileReference; fileEncoding = 4; lastKnownFileType = text.script.perl; path = coordinate.pl; sourceTree = "<group>"; };
		CB5331B7141AC04400AC7AE9 /* csvfile2mat.m */ = {isa = PBXFileReference; fileEncoding = 4; lastKnownFileType = sourcecode.c.objc; path = csvfile2mat.m; sourceTree = "<group>"; };
		CB5331B8141AC04400AC7AE9 /* csvgpsfile.sh */ = {isa = PBXFileReference; fileEncoding = 4; lastKnownFileType = text.script.sh; path = csvgpsfile.sh; sourceTree = "<group>"; };
		CB5331B9141AC04400AC7AE9 /* cumhist.m */ = {isa = PBXFileReference; fileEncoding = 4; lastKnownFileType = sourcecode.c.objc; path = cumhist.m; sourceTree = "<group>"; };
		CB5331BA141AC04400AC7AE9 /* cumnomalizedcreationrate.m */ = {isa = PBXFileReference; fileEncoding = 4; lastKnownFileType = sourcecode.c.objc; path = cumnomalizedcreationrate.m; sourceTree = "<group>"; };
		CB5331BB141AC04400AC7AE9 /* deleteaxis.m */ = {isa = PBXFileReference; fileEncoding = 4; lastKnownFileType = sourcecode.c.objc; path = deleteaxis.m; sourceTree = "<group>"; };
		CB5331BC141AC04400AC7AE9 /* dendro.m */ = {isa = PBXFileReference; fileEncoding = 4; lastKnownFileType = sourcecode.c.objc; path = dendro.m; sourceTree = "<group>"; };
		CB5331BD141AC04400AC7AE9 /* dendro2amptime.m */ = {isa = PBXFileReference; fileEncoding = 4; lastKnownFileType = sourcecode.c.objc; path = dendro2amptime.m; sourceTree = "<group>"; };
		CB5331BE141AC04400AC7AE9 /* dendro2creation.m */ = {isa = PBXFileReference; fileEncoding = 4; lastKnownFileType = sourcecode.c.objc; path = dendro2creation.m; sourceTree = "<group>"; };
		CB5331BF141AC04400AC7AE9 /* dendro2magtime.m */ = {isa = PBXFileReference; fileEncoding = 4; lastKnownFileType = sourcecode.c.objc; path = dendro2magtime.m; sourceTree = "<group>"; };
		CB5331C0141AC04400AC7AE9 /* dendro2wfs.m */ = {isa = PBXFileReference; fileEncoding = 4; lastKnownFileType = sourcecode.c.objc; path = dendro2wfs.m; sourceTree = "<group>"; };
		CB5331C1141AC04400AC7AE9 /* diffdate.pl */ = {isa = PBXFileReference; fileEncoding = 4; lastKnownFileType = text.script.perl; path = diffdate.pl; sourceTree = "<group>"; };
		CB5331C2141AC04400AC7AE9 /* diffhist.m */ = {isa = PBXFileReference; fileEncoding = 4; lastKnownFileType = sourcecode.c.objc; path = diffhist.m; sourceTree = "<group>"; };
		CB5331C3141AC04400AC7AE9 /* dimensioner.m */ = {isa = PBXFileReference; fileEncoding = 4; lastKnownFileType = sourcecode.c.objc; path = dimensioner.m; sourceTree = "<group>"; };
		CB5331C4141AC04400AC7AE9 /* dimlessTempNFlux.m */ = {isa = PBXFileReference; fileEncoding = 4; lastKnownFileType = sourcecode.c.objc; path = dimlessTempNFlux.m; sourceTree = "<group>"; };
		CB5331C5141AC04400AC7AE9 /* distance.pl */ = {isa = PBXFileReference; fileEncoding = 4; lastKnownFileType = text.script.perl; path = distance.pl; sourceTree = "<group>"; };
		CB5331C6141AC04400AC7AE9 /* drawball.m */ = {isa = PBXFileReference; fileEncoding = 4; lastKnownFileType = sourcecode.c.objc; path = drawball.m; sourceTree = "<group>"; };
		CB5331C7141AC04400AC7AE9 /* drawplan.m */ = {isa = PBXFileReference; fileEncoding = 4; lastKnownFileType = sourcecode.c.objc; path = drawplan.m; sourceTree = "<group>"; };
		CB5331C8141AC04400AC7AE9 /* drawslip.m */ = {isa = PBXFileReference; fileEncoding = 4; lastKnownFileType = sourcecode.c.objc; path = drawslip.m; sourceTree = "<group>"; };
		CB5331C9141AC04400AC7AE9 /* eclatball.m */ = {isa = PBXFileReference; fileEncoding = 4; lastKnownFileType = sourcecode.c.objc; path = eclatball.m; sourceTree = "<group>"; };
		CB5331CA141AC04400AC7AE9 /* event.dat */ = {isa = PBXFileReference; fileEncoding = 4; lastKnownFileType = text; path = event.dat; sourceTree = "<group>"; };
		CB5331CB141AC04400AC7AE9 /* event.dat.old */ = {isa = PBXFileReference; fileEncoding = 4; lastKnownFileType = text; path = event.dat.old; sourceTree = "<group>"; };
		CB5331CC141AC04400AC7AE9 /* event3d.dat */ = {isa = PBXFileReference; fileEncoding = 4; lastKnownFileType = text; path = event3d.dat; sourceTree = "<group>"; };
		CB5331CD141AC04400AC7AE9 /* excludeperiods.m */ = {isa = PBXFileReference; fileEncoding = 4; lastKnownFileType = sourcecode.c.objc; path = excludeperiods.m; sourceTree = "<group>"; };
		CB5331CE141AC04400AC7AE9 /* file */ = {isa = PBXFileReference; fileEncoding = 4; lastKnownFileType = text; path = file; sourceTree = "<group>"; };
		CB5331CF141AC04400AC7AE9 /* filtclust.m */ = {isa = PBXFileReference; fileEncoding = 4; lastKnownFileType = sourcecode.c.objc; path = filtclust.m; sourceTree = "<group>"; };
		CB5331D0141AC04400AC7AE9 /* findandupdate.m */ = {isa = PBXFileReference; fileEncoding = 4; lastKnownFileType = sourcecode.c.objc; path = findandupdate.m; sourceTree = "<group>"; };
		CB5331D1141AC04400AC7AE9 /* fit3Dplane.m */ = {isa = PBXFileReference; fileEncoding = 4; lastKnownFileType = sourcecode.c.objc; path = fit3Dplane.m; sourceTree = "<group>"; };
		CB5331D2141AC04400AC7AE9 /* fitcumnomalizedcreationrate.m */ = {isa = PBXFileReference; fileEncoding = 4; lastKnownFileType = sourcecode.c.objc; path = fitcumnomalizedcreationrate.m; sourceTree = "<group>"; };
		CB5331D3141AC04400AC7AE9 /* fpvsFPvshyp.m */ = {isa = PBXFileReference; fileEncoding = 4; lastKnownFileType = sourcecode.c.objc; path = fpvsFPvshyp.m; sourceTree = "<group>"; };
		CB5331D4141AC04400AC7AE9 /* from_Benoit.m */ = {isa = PBXFileReference; fileEncoding = 4; lastKnownFileType = sourcecode.c.objc; path = from_Benoit.m; sourceTree = "<group>"; };
		CB5331D5141AC04400AC7AE9 /* get_goodplan.m */ = {isa = PBXFileReference; fileEncoding = 4; lastKnownFileType = sourcecode.c.objc; path = get_goodplan.m; sourceTree = "<group>"; };
		CB5331D6141AC04400AC7AE9 /* get_isolated.sh */ = {isa = PBXFileReference; fileEncoding = 4; lastKnownFileType = text.script.sh; path = get_isolated.sh; sourceTree = "<group>"; };
		CB5331D7141AC04400AC7AE9 /* get_surfaceruturelength.m */ = {isa = PBXFileReference; fileEncoding = 4; lastKnownFileType = sourcecode.c.objc; path = get_surfaceruturelength.m; sourceTree = "<group>"; };
		CB5331D8141AC04400AC7AE9 /* get_timeperiod.m */ = {isa = PBXFileReference; fileEncoding = 4; lastKnownFileType = sourcecode.c.objc; path = get_timeperiod.m; sourceTree = "<group>"; };
		CB5331D9141AC04400AC7AE9 /* getdensityhypo.m */ = {isa = PBXFileReference; fileEncoding = 4; lastKnownFileType = sourcecode.c.objc; path = getdensityhypo.m; sourceTree = "<group>"; };
		CB5331DA141AC04400AC7AE9 /* geticon.m */ = {isa = PBXFileReference; fileEncoding = 4; lastKnownFileType = sourcecode.c.objc; path = geticon.m; sourceTree = "<group>"; };
		CB5331DB141AC04400AC7AE9 /* getlims.m */ = {isa = PBXFileReference; fileEncoding = 4; lastKnownFileType = sourcecode.c.objc; path = getlims.m; sourceTree = "<group>"; };
		CB5331DC141AC04400AC7AE9 /* getstyle.m */ = {isa = PBXFileReference; fileEncoding = 4; lastKnownFileType = sourcecode.c.objc; path = getstyle.m; sourceTree = "<group>"; };
		CB5331DD141AC04400AC7AE9 /* getvolumdims.m */ = {isa = PBXFileReference; fileEncoding = 4; lastKnownFileType = sourcecode.c.objc; path = getvolumdims.m; sourceTree = "<group>"; };
		CB5331DE141AC04400AC7AE9 /* ginputm.m */ = {isa = PBXFileReference; fileEncoding = 4; lastKnownFileType = sourcecode.c.objc; path = ginputm.m; sourceTree = "<group>"; };
		CB5331DF141AC04400AC7AE9 /* hpp.mat */ = {isa = PBXFileReference; lastKnownFileType = file; path = hpp.mat; sourceTree = "<group>"; };
		CB5331E1141AC04400AC7AE9 /* clustersrc.ai */ = {isa = PBXFileReference; fileEncoding = 4; lastKnownFileType = text; path = clustersrc.ai; sourceTree = "<group>"; };
		CB5331E2141AC04400AC7AE9 /* clustersrc.gif */ = {isa = PBXFileReference; lastKnownFileType = image.gif; path = clustersrc.gif; sourceTree = "<group>"; };
		CB5331E3141AC04400AC7AE9 /* clustersrc.png */ = {isa = PBXFileReference; lastKnownFileType = image.png; path = clustersrc.png; sourceTree = "<group>"; };
		CB5331E4141AC04400AC7AE9 /* clusterwf.ai */ = {isa = PBXFileReference; fileEncoding = 4; lastKnownFileType = text; path = clusterwf.ai; sourceTree = "<group>"; };
		CB5331E5141AC04400AC7AE9 /* clusterwf.gif */ = {isa = PBXFileReference; lastKnownFileType = image.gif; path = clusterwf.gif; sourceTree = "<group>"; };
		CB5331E6141AC04400AC7AE9 /* clusterwf.png */ = {isa = PBXFileReference; lastKnownFileType = image.png; path = clusterwf.png; sourceTree = "<group>"; };
		CB5331E7141AC04400AC7AE9 /* clvd.ai */ = {isa = PBXFileReference; fileEncoding = 4; lastKnownFileType = text; path = clvd.ai; sourceTree = "<group>"; };
		CB5331E8141AC04400AC7AE9 /* clvd.gif */ = {isa = PBXFileReference; lastKnownFileType = image.gif; path = clvd.gif; sourceTree = "<group>"; };
		CB5331E9141AC04400AC7AE9 /* clvd.png */ = {isa = PBXFileReference; lastKnownFileType = image.png; path = clvd.png; sourceTree = "<group>"; };
		CB5331EA141AC04400AC7AE9 /* cumulclust.ai */ = {isa = PBXFileReference; fileEncoding = 4; lastKnownFileType = text; path = cumulclust.ai; sourceTree = "<group>"; };
		CB5331EB141AC04400AC7AE9 /* cumulclust.gif */ = {isa = PBXFileReference; lastKnownFileType = image.gif; path = cumulclust.gif; sourceTree = "<group>"; };
		CB5331EC141AC04400AC7AE9 /* cumulclust.png */ = {isa = PBXFileReference; lastKnownFileType = image.png; path = cumulclust.png; sourceTree = "<group>"; };
		CB5331ED141AC04400AC7AE9 /* cumuls.ai */ = {isa = PBXFileReference; fileEncoding = 4; lastKnownFileType = text; path = cumuls.ai; sourceTree = "<group>"; };
		CB5331EE141AC04400AC7AE9 /* cumuls.gif */ = {isa = PBXFileReference; lastKnownFileType = image.gif; path = cumuls.gif; sourceTree = "<group>"; };
		CB5331EF141AC04400AC7AE9 /* cumuls.png */ = {isa = PBXFileReference; lastKnownFileType = image.png; path = cumuls.png; sourceTree = "<group>"; };
		CB5331F0141AC04400AC7AE9 /* database.ai */ = {isa = PBXFileReference; fileEncoding = 4; lastKnownFileType = text; path = database.ai; sourceTree = "<group>"; };
		CB5331F1141AC04400AC7AE9 /* database.gif */ = {isa = PBXFileReference; lastKnownFileType = image.gif; path = database.gif; sourceTree = "<group>"; };
		CB5331F2141AC04400AC7AE9 /* database.png */ = {isa = PBXFileReference; lastKnownFileType = image.png; path = database.png; sourceTree = "<group>"; };
		CB5331F3141AC04400AC7AE9 /* DC.ai */ = {isa = PBXFileReference; fileEncoding = 4; lastKnownFileType = text; path = DC.ai; sourceTree = "<group>"; };
		CB5331F4141AC04400AC7AE9 /* DC.gif */ = {isa = PBXFileReference; lastKnownFileType = image.gif; path = DC.gif; sourceTree = "<group>"; };
		CB5331F5141AC04400AC7AE9 /* DC.png */ = {isa = PBXFileReference; lastKnownFileType = image.png; path = DC.png; sourceTree = "<group>"; };
		CB5331F6141AC04400AC7AE9 /* dendo.ai */ = {isa = PBXFileReference; fileEncoding = 4; lastKnownFileType = text; path = dendo.ai; sourceTree = "<group>"; };
		CB5331F7141AC04400AC7AE9 /* dendo.gif */ = {isa = PBXFileReference; lastKnownFileType = image.gif; path = dendo.gif; sourceTree = "<group>"; };
		CB5331F8141AC04400AC7AE9 /* dendo.png */ = {isa = PBXFileReference; lastKnownFileType = image.png; path = dendo.png; sourceTree = "<group>"; };
		CB5331F9141AC04400AC7AE9 /* derivcumuls.ai */ = {isa = PBXFileReference; fileEncoding = 4; lastKnownFileType = text; path = derivcumuls.ai; sourceTree = "<group>"; };
		CB5331FA141AC04400AC7AE9 /* derivcumuls.gif */ = {isa = PBXFileReference; lastKnownFileType = image.gif; path = derivcumuls.gif; sourceTree = "<group>"; };
		CB5331FB141AC04400AC7AE9 /* derivcumuls.png */ = {isa = PBXFileReference; lastKnownFileType = image.png; path = derivcumuls.png; sourceTree = "<group>"; };
		CB5331FC141AC04400AC7AE9 /* fpplot.ai */ = {isa = PBXFileReference; fileEncoding = 4; lastKnownFileType = text; path = fpplot.ai; sourceTree = "<group>"; };
		CB5331FD141AC04400AC7AE9 /* fpplot.gif */ = {isa = PBXFileReference; lastKnownFileType = image.gif; path = fpplot.gif; sourceTree = "<group>"; };
		CB5331FE141AC04400AC7AE9 /* fpplot.png */ = {isa = PBXFileReference; lastKnownFileType = image.png; path = fpplot.png; sourceTree = "<group>"; };
		CB5331FF141AC04400AC7AE9 /* hist.ai */ = {isa = PBXFileReference; fileEncoding = 4; lastKnownFileType = text; path = hist.ai; sourceTree = "<group>"; };
		CB533200141AC04400AC7AE9 /* hist.gif */ = {isa = PBXFileReference; lastKnownFileType = image.gif; path = hist.gif; sourceTree = "<group>"; };
		CB533201141AC04400AC7AE9 /* hist.png */ = {isa = PBXFileReference; lastKnownFileType = image.png; path = hist.png; sourceTree = "<group>"; };
		CB533202141AC04400AC7AE9 /* imag_CCC.m */ = {isa = PBXFileReference; fileEncoding = 4; lastKnownFileType = sourcecode.c.objc; path = imag_CCC.m; sourceTree = "<group>"; };
		CB533203141AC04400AC7AE9 /* imag_data.m */ = {isa = PBXFileReference; fileEncoding = 4; lastKnownFileType = sourcecode.c.objc; path = imag_data.m; sourceTree = "<group>"; };
		CB533204141AC04400AC7AE9 /* imag_dend.m */ = {isa = PBXFileReference; fileEncoding = 4; lastKnownFileType = sourcecode.c.objc; path = imag_dend.m; sourceTree = "<group>"; };
		CB533205141AC04400AC7AE9 /* imag_signal.m */ = {isa = PBXFileReference; fileEncoding = 4; lastKnownFileType = sourcecode.c.objc; path = imag_signal.m; sourceTree = "<group>"; };
		CB533206141AC04400AC7AE9 /* imag_tclust.m */ = {isa = PBXFileReference; fileEncoding = 4; lastKnownFileType = sourcecode.c.objc; path = imag_tclust.m; sourceTree = "<group>"; };
		CB533207141AC04400AC7AE9 /* isotrop.ai */ = {isa = PBXFileReference; fileEncoding = 4; lastKnownFileType = text; path = isotrop.ai; sourceTree = "<group>"; };
		CB533208141AC04400AC7AE9 /* isotrop.gif */ = {isa = PBXFileReference; lastKnownFileType = image.gif; path = isotrop.gif; sourceTree = "<group>"; };
		CB533209141AC04400AC7AE9 /* isotrop.png */ = {isa = PBXFileReference; lastKnownFileType = image.png; path = isotrop.png; sourceTree = "<group>"; };
		CB53320A141AC04400AC7AE9 /* NNK.ai */ = {isa = PBXFileReference; fileEncoding = 4; lastKnownFileType = text; path = NNK.ai; sourceTree = "<group>"; };
		CB53320B141AC04400AC7AE9 /* NNK.gif */ = {isa = PBXFileReference; lastKnownFileType = image.gif; path = NNK.gif; sourceTree = "<group>"; };
		CB53320C141AC04400AC7AE9 /* NNK.png */ = {isa = PBXFileReference; lastKnownFileType = image.png; path = NNK.png; sourceTree = "<group>"; };
		CB53320D141AC04400AC7AE9 /* obs.ai */ = {isa = PBXFileReference; fileEncoding = 4; lastKnownFileType = text; path = obs.ai; sourceTree = "<group>"; };
		CB53320E141AC04400AC7AE9 /* obs.gif */ = {isa = PBXFileReference; lastKnownFileType = image.gif; path = obs.gif; sourceTree = "<group>"; };
		CB53320F141AC04400AC7AE9 /* obs.png */ = {isa = PBXFileReference; lastKnownFileType = image.png; path = obs.png; sourceTree = "<group>"; };
		CB533210141AC04400AC7AE9 /* order.ai */ = {isa = PBXFileReference; fileEncoding = 4; lastKnownFileType = text; path = order.ai; sourceTree = "<group>"; };
		CB533211141AC04400AC7AE9 /* order.gif */ = {isa = PBXFileReference; lastKnownFileType = image.gif; path = order.gif; sourceTree = "<group>"; };
		CB533212141AC04400AC7AE9 /* order.png */ = {isa = PBXFileReference; lastKnownFileType = image.png; path = order.png; sourceTree = "<group>"; };
		CB533213141AC04400AC7AE9 /* path.ai */ = {isa = PBXFileReference; fileEncoding = 4; lastKnownFileType = text; path = path.ai; sourceTree = "<group>"; };
		CB533214141AC04400AC7AE9 /* path.gif */ = {isa = PBXFileReference; lastKnownFileType = image.gif; path = path.gif; sourceTree = "<group>"; };
		CB533215141AC04400AC7AE9 /* path.png */ = {isa = PBXFileReference; lastKnownFileType = image.png; path = path.png; sourceTree = "<group>"; };
		CB533216141AC04400AC7AE9 /* plotdens.ai */ = {isa = PBXFileReference; fileEncoding = 4; lastKnownFileType = text; path = plotdens.ai; sourceTree = "<group>"; };
		CB533217141AC04400AC7AE9 /* plotdens.gif */ = {isa = PBXFileReference; lastKnownFileType = image.gif; path = plotdens.gif; sourceTree = "<group>"; };
		CB533218141AC04400AC7AE9 /* plotdens.png */ = {isa = PBXFileReference; lastKnownFileType = image.png; path = plotdens.png; sourceTree = "<group>"; };
		CB533219141AC04400AC7AE9 /* plotdensiso.ai */ = {isa = PBXFileReference; fileEncoding = 4; lastKnownFileType = text; path = plotdensiso.ai; sourceTree = "<group>"; };
		CB53321A141AC04400AC7AE9 /* plotdensiso.gif */ = {isa = PBXFileReference; lastKnownFileType = image.gif; path = plotdensiso.gif; sourceTree = "<group>"; };
		CB53321B141AC04400AC7AE9 /* plotdensiso.png */ = {isa = PBXFileReference; lastKnownFileType = image.png; path = plotdensiso.png; sourceTree = "<group>"; };
		CB53321C141AC04400AC7AE9 /* plotdensmap.ai */ = {isa = PBXFileReference; fileEncoding = 4; lastKnownFileType = text; path = plotdensmap.ai; sourceTree = "<group>"; };
		CB53321D141AC04400AC7AE9 /* plotdensmap.gif */ = {isa = PBXFileReference; lastKnownFileType = image.gif; path = plotdensmap.gif; sourceTree = "<group>"; };
		CB53321E141AC04400AC7AE9 /* plotdensmap.png */ = {isa = PBXFileReference; lastKnownFileType = image.png; path = plotdensmap.png; sourceTree = "<group>"; };
		CB53321F141AC04400AC7AE9 /* ploteq.ai */ = {isa = PBXFileReference; fileEncoding = 4; lastKnownFileType = text; path = ploteq.ai; sourceTree = "<group>"; };
		CB533220141AC04400AC7AE9 /* ploteq.gif */ = {isa = PBXFileReference; lastKnownFileType = image.gif; path = ploteq.gif; sourceTree = "<group>"; };
		CB533221141AC04400AC7AE9 /* ploteq.png */ = {isa = PBXFileReference; lastKnownFileType = image.png; path = ploteq.png; sourceTree = "<group>"; };
		CB533222141AC04400AC7AE9 /* plotmap.ai */ = {isa = PBXFileReference; fileEncoding = 4; lastKnownFileType = text; path = plotmap.ai; sourceTree = "<group>"; };
		CB533223141AC04400AC7AE9 /* plotmap.gif */ = {isa = PBXFileReference; lastKnownFileType = image.gif; path = plotmap.gif; sourceTree = "<group>"; };
		CB533224141AC04400AC7AE9 /* plotmap.png */ = {isa = PBXFileReference; lastKnownFileType = image.png; path = plotmap.png; sourceTree = "<group>"; };
		CB533225141AC04400AC7AE9 /* reload.ai */ = {isa = PBXFileReference; fileEncoding = 4; lastKnownFileType = text; path = reload.ai; sourceTree = "<group>"; };
		CB533226141AC04400AC7AE9 /* reload.gif */ = {isa = PBXFileReference; lastKnownFileType = image.gif; path = reload.gif; sourceTree = "<group>"; };
		CB533227141AC04400AC7AE9 /* reload.png */ = {isa = PBXFileReference; lastKnownFileType = image.png; path = reload.png; sourceTree = "<group>"; };
		CB533228141AC04400AC7AE9 /* reloc.ai */ = {isa = PBXFileReference; fileEncoding = 4; lastKnownFileType = text; path = reloc.ai; sourceTree = "<group>"; };
		CB533229141AC04400AC7AE9 /* reloc.gif */ = {isa = PBXFileReference; lastKnownFileType = image.gif; path = reloc.gif; sourceTree = "<group>"; };
		CB53322A141AC04400AC7AE9 /* reloc.png */ = {isa = PBXFileReference; lastKnownFileType = image.png; path = reloc.png; sourceTree = "<group>"; };
		CB53322B141AC04400AC7AE9 /* rms.ai */ = {isa = PBXFileReference; fileEncoding = 4; lastKnownFileType = text; path = rms.ai; sourceTree = "<group>"; };
		CB53322C141AC04400AC7AE9 /* rms.gif */ = {isa = PBXFileReference; lastKnownFileType = image.gif; path = rms.gif; sourceTree = "<group>"; };
		CB53322D141AC04400AC7AE9 /* rms.png */ = {isa = PBXFileReference; lastKnownFileType = image.png; path = rms.png; sourceTree = "<group>"; };
		CB53322E141AC04400AC7AE9 /* startNend.ai */ = {isa = PBXFileReference; fileEncoding = 4; lastKnownFileType = text; path = startNend.ai; sourceTree = "<group>"; };
		CB53322F141AC04400AC7AE9 /* startNend.gif */ = {isa = PBXFileReference; lastKnownFileType = image.gif; path = startNend.gif; sourceTree = "<group>"; };
		CB533230141AC04400AC7AE9 /* startNend.png */ = {isa = PBXFileReference; lastKnownFileType = image.png; path = startNend.png; sourceTree = "<group>"; };
		CB533231141AC04400AC7AE9 /* startNendderiv.ai */ = {isa = PBXFileReference; fileEncoding = 4; lastKnownFileType = text; path = startNendderiv.ai; sourceTree = "<group>"; };
		CB533232141AC04400AC7AE9 /* startNendderiv.gif */ = {isa = PBXFileReference; lastKnownFileType = image.gif; path = startNendderiv.gif; sourceTree = "<group>"; };
		CB533233141AC04400AC7AE9 /* startNendderiv.png */ = {isa = PBXFileReference; lastKnownFileType = image.png; path = startNendderiv.png; sourceTree = "<group>"; };
		CB533234141AC04400AC7AE9 /* trace.ai */ = {isa = PBXFileReference; fileEncoding = 4; lastKnownFileType = text; path = trace.ai; sourceTree = "<group>"; };
		CB533235141AC04400AC7AE9 /* trace.gif */ = {isa = PBXFileReference; lastKnownFileType = image.gif; path = trace.gif; sourceTree = "<group>"; };
		CB533236141AC04400AC7AE9 /* trace.png */ = {isa = PBXFileReference; lastKnownFileType = image.png; path = trace.png; sourceTree = "<group>"; };
		CB533237141AC04400AC7AE9 /* ID.txt */ = {isa = PBXFileReference; fileEncoding = 4; lastKnownFileType = text; path = ID.txt; sourceTree = "<group>"; };
		CB533238141AC04400AC7AE9 /* imag_CCC.m */ = {isa = PBXFileReference; fileEncoding = 4; lastKnownFileType = sourcecode.c.objc; path = imag_CCC.m; sourceTree = "<group>"; };
		CB533239141AC04400AC7AE9 /* IND.mat */ = {isa = PBXFileReference; lastKnownFileType = file; path = IND.mat; sourceTree = "<group>"; };
		CB53323A141AC04400AC7AE9 /* isolated.txt */ = {isa = PBXFileReference; fileEncoding = 4; lastKnownFileType = text; path = isolated.txt; sourceTree = "<group>"; };
		CB53323B141AC04400AC7AE9 /* last.txt */ = {isa = PBXFileReference; fileEncoding = 4; lastKnownFileType = text; path = last.txt; sourceTree = "<group>"; };
		CB53323C141AC04400AC7AE9 /* lh.m */ = {isa = PBXFileReference; fileEncoding = 4; lastKnownFileType = sourcecode.c.objc; path = lh.m; sourceTree = "<group>"; };
		CB53323D141AC04400AC7AE9 /* linkaxes.m */ = {isa = PBXFileReference; fileEncoding = 4; lastKnownFileType = sourcecode.c.objc; path = linkaxes.m; sourceTree = "<group>"; };
		CB53323E141AC04400AC7AE9 /* list */ = {isa = PBXFileReference; fileEncoding = 4; lastKnownFileType = text; path = list; sourceTree = "<group>"; };
		CB53323F141AC04400AC7AE9 /* loc.txt */ = {isa = PBXFileReference; fileEncoding = 4; lastKnownFileType = text; path = loc.txt; sourceTree = "<group>"; };
		CB533240141AC04400AC7AE9 /* loc3d.txt */ = {isa = PBXFileReference; fileEncoding = 4; lastKnownFileType = text; path = loc3d.txt; sourceTree = "<group>"; };
		CB533241141AC04400AC7AE9 /* lst.tmp */ = {isa = PBXFileReference; fileEncoding = 4; lastKnownFileType = text; path = lst.tmp; sourceTree = "<group>"; };
		CB533242141AC04400AC7AE9 /* lst.tmp.old */ = {isa = PBXFileReference; fileEncoding = 4; lastKnownFileType = text; path = lst.tmp.old; sourceTree = "<group>"; };
		CB533243141AC04400AC7AE9 /* map2source.m */ = {isa = PBXFileReference; fileEncoding = 4; lastKnownFileType = sourcecode.c.objc; path = map2source.m; sourceTree = "<group>"; };
		CB533244141AC04400AC7AE9 /* mccExcludedFiles.log */ = {isa = PBXFileReference; fileEncoding = 4; lastKnownFileType = text; path = mccExcludedFiles.log; sourceTree = "<group>"; };
		CB533245141AC04400AC7AE9 /* membutton.mat */ = {isa = PBXFileReference; lastKnownFileType = file; path = membutton.mat; sourceTree = "<group>"; };
		CB533246141AC04400AC7AE9 /* mempath.mat */ = {isa = PBXFileReference; lastKnownFileType = file; path = mempath.mat; sourceTree = "<group>"; };
		CB533247141AC04400AC7AE9 /* mjd2date.m */ = {isa = PBXFileReference; fileEncoding = 4; lastKnownFileType = sourcecode.c.objc; path = mjd2date.m; sourceTree = "<group>"; };
		CB533248141AC04400AC7AE9 /* MyColormapsCCC.mat */ = {isa = PBXFileReference; lastKnownFileType = file; path = MyColormapsCCC.mat; sourceTree = "<group>"; };
		CB533249141AC04400AC7AE9 /* mypaths.m */ = {isa = PBXFileReference; fileEncoding = 4; lastKnownFileType = sourcecode.c.objc; path = mypaths.m; sourceTree = "<group>"; };
		CB53324A141AC04400AC7AE9 /* myresample.m */ = {isa = PBXFileReference; fileEncoding = 4; lastKnownFileType = sourcecode.c.objc; path = myresample.m; sourceTree = "<group>"; };
		CB53324B141AC04400AC7AE9 /* NNK_dendro_1.pl */ = {isa = PBXFileReference; fileEncoding = 4; lastKnownFileType = text.script.perl; path = NNK_dendro_1.pl; sourceTree = "<group>"; };
		CB53324C141AC04400AC7AE9 /* NNK_stats.m */ = {isa = PBXFileReference; fileEncoding = 4; lastKnownFileType = sourcecode.c.objc; path = NNK_stats.m; sourceTree = "<group>"; };
		CB53324D141AC04400AC7AE9 /* NNKdtb2mat.pl */ = {isa = PBXFileReference; fileEncoding = 4; lastKnownFileType = text.script.perl; path = NNKdtb2mat.pl; sourceTree = "<group>"; };
		CB53324E141AC04400AC7AE9 /* num-1.p */ = {isa = PBXFileReference; fileEncoding = 4; lastKnownFileType = sourcecode.pascal; path = "num-1.p"; sourceTree = "<group>"; };
		CB53324F141AC04400AC7AE9 /* num-1.s */ = {isa = PBXFileReference; fileEncoding = 4; lastKnownFileType = sourcecode.asm; path = "num-1.s"; sourceTree = "<group>"; };
		CB533250141AC04400AC7AE9 /* num-2.p */ = {isa = PBXFileReference; fileEncoding = 4; lastKnownFileType = sourcecode.pascal; path = "num-2.p"; sourceTree = "<group>"; };
		CB533251141AC04400AC7AE9 /* num-2.s */ = {isa = PBXFileReference; fileEncoding = 4; lastKnownFileType = sourcecode.asm; path = "num-2.s"; sourceTree = "<group>"; };
		CB533252141AC04400AC7AE9 /* num-3.p */ = {isa = PBXFileReference; fileEncoding = 4; lastKnownFileType = sourcecode.pascal; path = "num-3.p"; sourceTree = "<group>"; };
		CB533253141AC04400AC7AE9 /* num-3.s */ = {isa = PBXFileReference; fileEncoding = 4; lastKnownFileType = sourcecode.asm; path = "num-3.s"; sourceTree = "<group>"; };
		CB533254141AC04400AC7AE9 /* O-C-1.p */ = {isa = PBXFileReference; fileEncoding = 4; lastKnownFileType = sourcecode.pascal; path = "O-C-1.p"; sourceTree = "<group>"; };
		CB533255141AC04400AC7AE9 /* O-C-1.s */ = {isa = PBXFileReference; fileEncoding = 4; lastKnownFileType = sourcecode.asm; path = "O-C-1.s"; sourceTree = "<group>"; };
		CB533256141AC04400AC7AE9 /* O-C-2.p */ = {isa = PBXFileReference; fileEncoding = 4; lastKnownFileType = sourcecode.pascal; path = "O-C-2.p"; sourceTree = "<group>"; };
		CB533257141AC04400AC7AE9 /* O-C-2.s */ = {isa = PBXFileReference; fileEncoding = 4; lastKnownFileType = sourcecode.asm; path = "O-C-2.s"; sourceTree = "<group>"; };
		CB533258141AC04400AC7AE9 /* O-C-3.p */ = {isa = PBXFileReference; fileEncoding = 4; lastKnownFileType = sourcecode.pascal; path = "O-C-3.p"; sourceTree = "<group>"; };
		CB533259141AC04400AC7AE9 /* O-C-3.s */ = {isa = PBXFileReference; fileEncoding = 4; lastKnownFileType = sourcecode.asm; path = "O-C-3.s"; sourceTree = "<group>"; };
		CB53325A141AC04400AC7AE9 /* pathname.mat */ = {isa = PBXFileReference; lastKnownFileType = file; path = pathname.mat; sourceTree = "<group>"; };
		CB53325B141AC04400AC7AE9 /* phase.dat */ = {isa = PBXFileReference; fileEncoding = 4; lastKnownFileType = text; path = phase.dat; sourceTree = "<group>"; };
		CB53325C141AC04400AC7AE9 /* phase.dat.old */ = {isa = PBXFileReference; fileEncoding = 4; lastKnownFileType = text; path = phase.dat.old; sourceTree = "<group>"; };
		CB53325D141AC04400AC7AE9 /* phase3d.dat */ = {isa = PBXFileReference; fileEncoding = 4; lastKnownFileType = text; path = phase3d.dat; sourceTree = "<group>"; };
		CB53325E141AC04400AC7AE9 /* pickhist.sh */ = {isa = PBXFileReference; fileEncoding = 4; lastKnownFileType = text.script.sh; path = pickhist.sh; sourceTree = "<group>"; };
		CB53325F141AC04400AC7AE9 /* plot_3Ddomains.m */ = {isa = PBXFileReference; fileEncoding = 4; lastKnownFileType = sourcecode.c.objc; path = plot_3Ddomains.m; sourceTree = "<group>"; };
		CB533260141AC04400AC7AE9 /* plot_bb.m */ = {isa = PBXFileReference; fileEncoding = 4; lastKnownFileType = sourcecode.c.objc; path = plot_bb.m; sourceTree = "<group>"; };
		CB533261141AC04400AC7AE9 /* plot_bb_eclat.m */ = {isa = PBXFileReference; fileEncoding = 4; lastKnownFileType = sourcecode.c.objc; path = plot_bb_eclat.m; sourceTree = "<group>"; };
		CB533262141AC04400AC7AE9 /* plot_CCC.m */ = {isa = PBXFileReference; fileEncoding = 4; lastKnownFileType = sourcecode.c.objc; path = plot_CCC.m; sourceTree = "<group>"; };
		CB533263141AC04400AC7AE9 /* plot_CCC_1.m */ = {isa = PBXFileReference; fileEncoding = 4; lastKnownFileType = sourcecode.c.objc; path = plot_CCC_1.m; sourceTree = "<group>"; };
		CB533264141AC04400AC7AE9 /* plot_clust.m */ = {isa = PBXFileReference; fileEncoding = 4; lastKnownFileType = sourcecode.c.objc; path = plot_clust.m; sourceTree = "<group>"; };
		CB533265141AC04400AC7AE9 /* plot_clustWF.m */ = {isa = PBXFileReference; fileEncoding = 4; lastKnownFileType = sourcecode.c.objc; path = plot_clustWF.m; sourceTree = "<group>"; };
		CB533266141AC04400AC7AE9 /* plot_dendro.m */ = {isa = PBXFileReference; fileEncoding = 4; lastKnownFileType = sourcecode.c.objc; path = plot_dendro.m; sourceTree = "<group>"; };
		CB533267141AC04400AC7AE9 /* plot_dendro_0.m */ = {isa = PBXFileReference; fileEncoding = 4; lastKnownFileType = sourcecode.c.objc; path = plot_dendro_0.m; sourceTree = "<group>"; };
		CB533268141AC04400AC7AE9 /* plot_dendro_1.m */ = {isa = PBXFileReference; fileEncoding = 4; lastKnownFileType = sourcecode.c.objc; path = plot_dendro_1.m; sourceTree = "<group>"; };
		CB533269141AC04400AC7AE9 /* plot_dendro_2.m */ = {isa = PBXFileReference; fileEncoding = 4; lastKnownFileType = sourcecode.c.objc; path = plot_dendro_2.m; sourceTree = "<group>"; };
		CB53326A141AC04400AC7AE9 /* plot_dtb.m */ = {isa = PBXFileReference; fileEncoding = 4; lastKnownFileType = sourcecode.c.objc; path = plot_dtb.m; sourceTree = "<group>"; };
		CB53326B141AC04400AC7AE9 /* plot_EQ_1.m */ = {isa = PBXFileReference; fileEncoding = 4; lastKnownFileType = sourcecode.c.objc; path = plot_EQ_1.m; sourceTree = "<group>"; };
		CB53326C141AC04400AC7AE9 /* plot_gmtfault.m */ = {isa = PBXFileReference; fileEncoding = 4; lastKnownFileType = sourcecode.c.objc; path = plot_gmtfault.m; sourceTree = "<group>"; };
		CB53326D141AC04400AC7AE9 /* plot_gooddatetick.m */ = {isa = PBXFileReference; fileEncoding = 4; lastKnownFileType = sourcecode.c.objc; path = plot_gooddatetick.m; sourceTree = "<group>"; };
		CB53326E141AC04400AC7AE9 /* plot_goodgeotick.m */ = {isa = PBXFileReference; fileEncoding = 4; lastKnownFileType = sourcecode.c.objc; path = plot_goodgeotick.m; sourceTree = "<group>"; };
		CB53326F141AC04400AC7AE9 /* plot_GPSinNNK.m */ = {isa = PBXFileReference; fileEncoding = 4; lastKnownFileType = sourcecode.c.objc; path = plot_GPSinNNK.m; sourceTree = "<group>"; };
		CB533270141AC04400AC7AE9 /* plot_hypoDD.m */ = {isa = PBXFileReference; fileEncoding = 4; lastKnownFileType = sourcecode.c.objc; path = plot_hypoDD.m; sourceTree = "<group>"; };
		CB533271141AC04400AC7AE9 /* plot_info.m */ = {isa = PBXFileReference; fileEncoding = 4; lastKnownFileType = sourcecode.c.objc; path = plot_info.m; sourceTree = "<group>"; };
		CB533272141AC04400AC7AE9 /* plot_inverted.m */ = {isa = PBXFileReference; fileEncoding = 4; lastKnownFileType = sourcecode.c.objc; path = plot_inverted.m; sourceTree = "<group>"; };
		CB533273141AC04400AC7AE9 /* plot_lims.m */ = {isa = PBXFileReference; fileEncoding = 4; lastKnownFileType = sourcecode.c.objc; path = plot_lims.m; sourceTree = "<group>"; };
		CB533274141AC04500AC7AE9 /* plot_NNK.app */ = {isa = PBXFileReference; lastKnownFileType = wrapper.application; path = plot_NNK.app; sourceTree = "<group>"; };
		CB533275141AC04500AC7AE9 /* plot_NNK.m */ = {isa = PBXFileReference; fileEncoding = 4; lastKnownFileType = sourcecode.c.objc; path = plot_NNK.m; sourceTree = "<group>"; };
		CB533276141AC04500AC7AE9 /* plot_NNK.mat */ = {isa = PBXFileReference; lastKnownFileType = file; path = plot_NNK.mat; sourceTree = "<group>"; };
		CB533277141AC04500AC7AE9 /* plot_NNKtools.m */ = {isa = PBXFileReference; fileEncoding = 4; lastKnownFileType = sourcecode.c.objc; path = plot_NNKtools.m; sourceTree = "<group>"; };
		CB533278141AC04500AC7AE9 /* plot_NNKwfs.m */ = {isa = PBXFileReference; fileEncoding = 4; lastKnownFileType = sourcecode.c.objc; path = plot_NNKwfs.m; sourceTree = "<group>"; };
		CB533279141AC04500AC7AE9 /* plot_NNKwfsmax.m */ = {isa = PBXFileReference; fileEncoding = 4; lastKnownFileType = sourcecode.c.objc; path = plot_NNKwfsmax.m; sourceTree = "<group>"; };
		CB53327A141AC04500AC7AE9 /* plot_oneclust.m */ = {isa = PBXFileReference; fileEncoding = 4; lastKnownFileType = sourcecode.c.objc; path = plot_oneclust.m; sourceTree = "<group>"; };
		CB53327B141AC04500AC7AE9 /* plot_path.m */ = {isa = PBXFileReference; fileEncoding = 4; lastKnownFileType = sourcecode.c.objc; path = plot_path.m; sourceTree = "<group>"; };
		CB53327C141AC04500AC7AE9 /* plot_pickstat.m */ = {isa = PBXFileReference; fileEncoding = 4; lastKnownFileType = sourcecode.c.objc; path = plot_pickstat.m; sourceTree = "<group>"; };
		CB53327D141AC04500AC7AE9 /* plot_plan.m */ = {isa = PBXFileReference; fileEncoding = 4; lastKnownFileType = sourcecode.c.objc; path = plot_plan.m; sourceTree = "<group>"; };
		CB53327E141AC04500AC7AE9 /* plot_reloc.m */ = {isa = PBXFileReference; fileEncoding = 4; lastKnownFileType = sourcecode.c.objc; path = plot_reloc.m; sourceTree = "<group>"; };
		CB53327F141AC04500AC7AE9 /* plot_reloc_1.m */ = {isa = PBXFileReference; fileEncoding = 4; lastKnownFileType = sourcecode.c.objc; path = plot_reloc_1.m; sourceTree = "<group>"; };
		CB533280141AC04500AC7AE9 /* plot_slip.m */ = {isa = PBXFileReference; fileEncoding = 4; lastKnownFileType = sourcecode.c.objc; path = plot_slip.m; sourceTree = "<group>"; };
		CB533281141AC04500AC7AE9 /* plot_text.m */ = {isa = PBXFileReference; fileEncoding = 4; lastKnownFileType = sourcecode.c.objc; path = plot_text.m; sourceTree = "<group>"; };
		CB533282141AC04500AC7AE9 /* plot_tick.m */ = {isa = PBXFileReference; fileEncoding = 4; lastKnownFileType = sourcecode.c.objc; path = plot_tick.m; sourceTree = "<group>"; };
		CB533283141AC04500AC7AE9 /* plot_Vmodel.m */ = {isa = PBXFileReference; fileEncoding = 4; lastKnownFileType = sourcecode.c.objc; path = plot_Vmodel.m; sourceTree = "<group>"; };
		CB533284141AC04500AC7AE9 /* plot_WFexist.m */ = {isa = PBXFileReference; fileEncoding = 4; lastKnownFileType = sourcecode.c.objc; path = plot_WFexist.m; sourceTree = "<group>"; };
		CB533285141AC04500AC7AE9 /* plot_WFexist_1.m */ = {isa = PBXFileReference; fileEncoding = 4; lastKnownFileType = sourcecode.c.objc; path = plot_WFexist_1.m; sourceTree = "<group>"; };
		CB533286141AC04500AC7AE9 /* plot_Yell.m */ = {isa = PBXFileReference; fileEncoding = 4; lastKnownFileType = sourcecode.c.objc; path = plot_Yell.m; sourceTree = "<group>"; };
		CB533287141AC04500AC7AE9 /* posfile2mat.m */ = {isa = PBXFileReference; fileEncoding = 4; lastKnownFileType = sourcecode.c.objc; path = posfile2mat.m; sourceTree = "<group>"; };
		CB533288141AC04500AC7AE9 /* prt2hypoDD.pl */ = {isa = PBXFileReference; fileEncoding = 4; lastKnownFileType = text.script.perl; path = prt2hypoDD.pl; sourceTree = "<group>"; };
		CB533289141AC04500AC7AE9 /* randomshoot.m */ = {isa = PBXFileReference; fileEncoding = 4; lastKnownFileType = sourcecode.c.objc; path = randomshoot.m; sourceTree = "<group>"; };
		CB53328A141AC04500AC7AE9 /* readme.txt */ = {isa = PBXFileReference; fileEncoding = 4; lastKnownFileType = text; path = readme.txt; sourceTree = "<group>"; };
		CB53328B141AC04500AC7AE9 /* rename */ = {isa = PBXFileReference; fileEncoding = 4; lastKnownFileType = text; path = rename; sourceTree = "<group>"; };
		CB53328C141AC04500AC7AE9 /* resizeeffect.m */ = {isa = PBXFileReference; fileEncoding = 4; lastKnownFileType = sourcecode.c.objc; path = resizeeffect.m; sourceTree = "<group>"; };
		CB53328D141AC04500AC7AE9 /* resizepanels.m */ = {isa = PBXFileReference; fileEncoding = 4; lastKnownFileType = sourcecode.c.objc; path = resizepanels.m; sourceTree = "<group>"; };
		CB53328E141AC04500AC7AE9 /* rose3D.m */ = {isa = PBXFileReference; fileEncoding = 4; lastKnownFileType = sourcecode.c.objc; path = rose3D.m; sourceTree = "<group>"; };
		CB53328F141AC04500AC7AE9 /* rotatedata.m */ = {isa = PBXFileReference; fileEncoding = 4; lastKnownFileType = sourcecode.c.objc; path = rotatedata.m; sourceTree = "<group>"; };
		CB533290141AC04500AC7AE9 /* rotateFP.m */ = {isa = PBXFileReference; fileEncoding = 4; lastKnownFileType = sourcecode.c.objc; path = rotateFP.m; sourceTree = "<group>"; };
		CB533291141AC04500AC7AE9 /* rotateslip.m */ = {isa = PBXFileReference; fileEncoding = 4; lastKnownFileType = sourcecode.c.objc; path = rotateslip.m; sourceTree = "<group>"; };
		CB533292141AC04500AC7AE9 /* run_plot_NNK.sh */ = {isa = PBXFileReference; fileEncoding = 4; lastKnownFileType = text.script.sh; path = run_plot_NNK.sh; sourceTree = "<group>"; };
		CB533293141AC04500AC7AE9 /* SeisGram2K.pick */ = {isa = PBXFileReference; fileEncoding = 4; lastKnownFileType = text; path = SeisGram2K.pick; sourceTree = "<group>"; };
		CB533294141AC04500AC7AE9 /* selector.m */ = {isa = PBXFileReference; fileEncoding = 4; lastKnownFileType = sourcecode.c.objc; path = selector.m; sourceTree = "<group>"; };
		CB533295141AC04500AC7AE9 /* sgm.sh */ = {isa = PBXFileReference; fileEncoding = 4; lastKnownFileType = text.script.sh; path = sgm.sh; sourceTree = "<group>"; };
		CB533296141AC04500AC7AE9 /* slip.m */ = {isa = PBXFileReference; fileEncoding = 4; lastKnownFileType = sourcecode.c.objc; path = slip.m; sourceTree = "<group>"; };
		CB533297141AC04500AC7AE9 /* split.m */ = {isa = PBXFileReference; fileEncoding = 4; lastKnownFileType = sourcecode.c.objc; path = split.m; sourceTree = "<group>"; };
		CB533298141AC04500AC7AE9 /* stat.pl */ = {isa = PBXFileReference; fileEncoding = 4; lastKnownFileType = text.script.perl; path = stat.pl; sourceTree = "<group>"; };
		CB533299141AC04500AC7AE9 /* stretch.m */ = {isa = PBXFileReference; fileEncoding = 4; lastKnownFileType = sourcecode.c.objc; path = stretch.m; sourceTree = "<group>"; };
		CB53329A141AC04500AC7AE9 /* strings.mat */ = {isa = PBXFileReference; lastKnownFileType = file; path = strings.mat; sourceTree = "<group>"; };
		CB53329B141AC04500AC7AE9 /* takeclust.m */ = {isa = PBXFileReference; fileEncoding = 4; lastKnownFileType = sourcecode.c.objc; path = takeclust.m; sourceTree = "<group>"; };
		CB53329C141AC04500AC7AE9 /* taketime.m */ = {isa = PBXFileReference; fileEncoding = 4; lastKnownFileType = sourcecode.c.objc; path = taketime.m; sourceTree = "<group>"; };
		CB53329D141AC04500AC7AE9 /* test */ = {isa = PBXFileReference; fileEncoding = 4; lastKnownFileType = text; path = test; sourceTree = "<group>"; };
		CB53329E141AC04500AC7AE9 /* test.eps */ = {isa = PBXFileReference; fileEncoding = 4; lastKnownFileType = text; path = test.eps; sourceTree = "<group>"; };
		CB53329F141AC04500AC7AE9 /* test.txt */ = {isa = PBXFileReference; fileEncoding = 4; lastKnownFileType = text; path = test.txt; sourceTree = "<group>"; };
		CB5332A0141AC04500AC7AE9 /* testinp.m */ = {isa = PBXFileReference; fileEncoding = 4; lastKnownFileType = sourcecode.c.objc; path = testinp.m; sourceTree = "<group>"; };
		CB5332A1141AC04500AC7AE9 /* text_NNK.m */ = {isa = PBXFileReference; fileEncoding = 4; lastKnownFileType = sourcecode.c.objc; path = text_NNK.m; sourceTree = "<group>"; };
		CB5332A2141AC04500AC7AE9 /* text_signal.m */ = {isa = PBXFileReference; fileEncoding = 4; lastKnownFileType = sourcecode.c.objc; path = text_signal.m; sourceTree = "<group>"; };
		CB5332A3141AC04500AC7AE9 /* text_slash3points.m */ = {isa = PBXFileReference; fileEncoding = 4; lastKnownFileType = sourcecode.c.objc; path = text_slash3points.m; sourceTree = "<group>"; };
		CB5332A4141AC04500AC7AE9 /* timeselector.m */ = {isa = PBXFileReference; fileEncoding = 4; lastKnownFileType = sourcecode.c.objc; path = timeselector.m; sourceTree = "<group>"; };
		CB5332A5141AC04500AC7AE9 /* tmp1 */ = {isa = PBXFileReference; fileEncoding = 4; lastKnownFileType = text; path = tmp1; sourceTree = "<group>"; };
		CB5332A6141AC04500AC7AE9 /* tmp7.txt */ = {isa = PBXFileReference; fileEncoding = 4; lastKnownFileType = text; path = tmp7.txt; sourceTree = "<group>"; };
		CB5332A7141AC04500AC7AE9 /* tmp8.txt */ = {isa = PBXFileReference; fileEncoding = 4; lastKnownFileType = text; path = tmp8.txt; sourceTree = "<group>"; };
		CB5332A8141AC04500AC7AE9 /* tmp9.txt */ = {isa = PBXFileReference; fileEncoding = 4; lastKnownFileType = text; path = tmp9.txt; sourceTree = "<group>"; };
		CB5332A9141AC04500AC7AE9 /* tmpfaulplane.mat */ = {isa = PBXFileReference; lastKnownFileType = file; path = tmpfaulplane.mat; sourceTree = "<group>"; };
		CB5332AA141AC04500AC7AE9 /* tmpnodalplane.mat */ = {isa = PBXFileReference; lastKnownFileType = file; path = tmpnodalplane.mat; sourceTree = "<group>"; };
		CB5332AB141AC04500AC7AE9 /* total-vs-clustered.tmp */ = {isa = PBXFileReference; fileEncoding = 4; lastKnownFileType = text; path = "total-vs-clustered.tmp"; sourceTree = "<group>"; };
		CB5332AC141AC04500AC7AE9 /* total-vs-clustered.tmp.old */ = {isa = PBXFileReference; fileEncoding = 4; lastKnownFileType = text; path = "total-vs-clustered.tmp.old"; sourceTree = "<group>"; };
		CB5332AD141AC04500AC7AE9 /* uuss2hypo.pl */ = {isa = PBXFileReference; fileEncoding = 4; lastKnownFileType = text.script.perl; path = uuss2hypo.pl; sourceTree = "<group>"; };
		CB5332AE141AC04500AC7AE9 /* x.mat */ = {isa = PBXFileReference; lastKnownFileType = file; path = x.mat; sourceTree = "<group>"; };
		CB5332AF141AC04500AC7AE9 /* test.txt */ = {isa = PBXFileReference; fileEncoding = 4; lastKnownFileType = text; path = test.txt; sourceTree = "<group>"; };
		CB5332B1141AC04500AC7AE9 /* clstCC.mat */ = {isa = PBXFileReference; lastKnownFileType = file; path = clstCC.mat; sourceTree = "<group>"; };
		CB5332B2141AC04500AC7AE9 /* clstClust.mat */ = {isa = PBXFileReference; lastKnownFileType = file; path = clstClust.mat; sourceTree = "<group>"; };
		CB5332B3141AC04500AC7AE9 /* clstClustpaths.mat */ = {isa = PBXFileReference; lastKnownFileType = file; path = clstClustpaths.mat; sourceTree = "<group>"; };
		CB5332B4141AC04500AC7AE9 /* clstwf.mat */ = {isa = PBXFileReference; lastKnownFileType = file; path = clstwf.mat; sourceTree = "<group>"; };
		CB5332B5141AC04500AC7AE9 /* tmp1_1.mat */ = {isa = PBXFileReference; lastKnownFileType = file; path = tmp1_1.mat; sourceTree = "<group>"; };
		CB5332B6141AC04500AC7AE9 /* tmp2_1.mat */ = {isa = PBXFileReference; lastKnownFileType = file; path = tmp2_1.mat; sourceTree = "<group>"; };
		CB5332B7141AC04500AC7AE9 /* tmp2_2.mat */ = {isa = PBXFileReference; lastKnownFileType = file; path = tmp2_2.mat; sourceTree = "<group>"; };
		CB5332B8141AC04500AC7AE9 /* tmp2_3.mat */ = {isa = PBXFileReference; lastKnownFileType = file; path = tmp2_3.mat; sourceTree = "<group>"; };
		CB5332BC141AC04500AC7AE9 /* chi2test.m */ = {isa = PBXFileReference; fileEncoding = 4; lastKnownFileType = sourcecode.c.objc; path = chi2test.m; sourceTree = "<group>"; };
		CB5332BD141AC04500AC7AE9 /* NNK_xcorr.m */ = {isa = PBXFileReference; fileEncoding = 4; lastKnownFileType = sourcecode.c.objc; path = NNK_xcorr.m; sourceTree = "<group>"; };
		CB5332BE141AC04500AC7AE9 /* NNK_xcorr_benchmark.m */ = {isa = PBXFileReference; fileEncoding = 4; lastKnownFileType = sourcecode.c.objc; path = NNK_xcorr_benchmark.m; sourceTree = "<group>"; };
		CB5332BF141AC04500AC7AE9 /* plotpickstat.m */ = {isa = PBXFileReference; fileEncoding = 4; lastKnownFileType = sourcecode.c.objc; path = plotpickstat.m; sourceTree = "<group>"; };
		CB5332C0141AC04500AC7AE9 /* times.mat */ = {isa = PBXFileReference; lastKnownFileType = file; path = times.mat; sourceTree = "<group>"; };
		CB5332C2141AC04500AC7AE9 /* a.out */ = {isa = PBXFileReference; lastKnownFileType = "compiled.mach-o.executable"; path = a.out; sourceTree = "<group>"; };
		CB5332C3141AC04500AC7AE9 /* rdNNK */ = {isa = PBXFileReference; lastKnownFileType = "compiled.mach-o.executable"; path = rdNNK; sourceTree = "<group>"; };
		CB5332C4141AC04500AC7AE9 /* rdNNK.f */ = {isa = PBXFileReference; fileEncoding = 4; lastKnownFileType = sourcecode.fortran; path = rdNNK.f; sourceTree = "<group>"; };
		CB5332C5141AC04500AC7AE9 /* rdsac3 */ = {isa = PBXFileReference; lastKnownFileType = "compiled.mach-o.executable"; path = rdsac3; sourceTree = "<group>"; };
		CB5332C6141AC04500AC7AE9 /* rdsac3.f */ = {isa = PBXFileReference; fileEncoding = 4; lastKnownFileType = sourcecode.fortran; path = rdsac3.f; sourceTree = "<group>"; };
		CB5332C7141AC04500AC7AE9 /* rdsac3.sh */ = {isa = PBXFileReference; fileEncoding = 4; lastKnownFileType = text.script.sh; path = rdsac3.sh; sourceTree = "<group>"; };
		CB5332C8141AC04500AC7AE9 /* VmodelNLL2tomoTV.f */ = {isa = PBXFileReference; fileEncoding = 4; lastKnownFileType = sourcecode.fortran; path = VmodelNLL2tomoTV.f; sourceTree = "<group>"; };
		CB5332C9141AC04500AC7AE9 /* VmodelNLL2tomoTV.pl */ = {isa = PBXFileReference; fileEncoding = 4; lastKnownFileType = text.script.perl; path = VmodelNLL2tomoTV.pl; sourceTree = "<group>"; };
		CB5332CB141AC04500AC7AE9 /* stalist.txt */ = {isa = PBXFileReference; fileEncoding = 4; lastKnownFileType = text; path = stalist.txt; sourceTree = "<group>"; };
		CB5332CC141AC04500AC7AE9 /* STAT.txt */ = {isa = PBXFileReference; fileEncoding = 4; lastKnownFileType = text; path = STAT.txt; sourceTree = "<group>"; };
		CB5332CE141AC04500AC7AE9 /* pickstat.pl */ = {isa = PBXFileReference; fileEncoding = 4; lastKnownFileType = text.script.perl; path = pickstat.pl; sourceTree = "<group>"; };
		CB5332CF141AC04500AC7AE9 /* tes */ = {isa = PBXFileReference; fileEncoding = 4; lastKnownFileType = text; path = tes; sourceTree = "<group>"; };
		CB5332D0141AC04500AC7AE9 /* tmp0.txt */ = {isa = PBXFileReference; fileEncoding = 4; lastKnownFileType = text; path = tmp0.txt; sourceTree = "<group>"; };
		CB5332D1141AC04500AC7AE9 /* tmp1.txt */ = {isa = PBXFileReference; fileEncoding = 4; lastKnownFileType = text; path = tmp1.txt; sourceTree = "<group>"; };
		CB5332D2141AC04500AC7AE9 /* tmp2.txt */ = {isa = PBXFileReference; fileEncoding = 4; lastKnownFileType = text; path = tmp2.txt; sourceTree = "<group>"; };
		CB5332D4141AC04500AC7AE9 /* cleandata.pl */ = {isa = PBXFileReference; fileEncoding = 4; lastKnownFileType = text.script.perl; path = cleandata.pl; sourceTree = "<group>"; };
		CB5332D5141AC04500AC7AE9 /* diffdate.pl */ = {isa = PBXFileReference; fileEncoding = 4; lastKnownFileType = text.script.perl; path = diffdate.pl; sourceTree = "<group>"; };
		CB5332D6141AC04500AC7AE9 /* eventfilt.pl */ = {isa = PBXFileReference; fileEncoding = 4; lastKnownFileType = text.script.perl; path = eventfilt.pl; sourceTree = "<group>"; };
		CB5332D7141AC04500AC7AE9 /* eventfilt1.pl */ = {isa = PBXFileReference; fileEncoding = 4; lastKnownFileType = text.script.perl; path = eventfilt1.pl; sourceTree = "<group>"; };
		CB5332D8141AC04500AC7AE9 /* eventfilt2.pl */ = {isa = PBXFileReference; fileEncoding = 4; lastKnownFileType = text.script.perl; path = eventfilt2.pl; sourceTree = "<group>"; };
		CB5332D9141AC04500AC7AE9 /* feedNNK.pl */ = {isa = PBXFileReference; fileEncoding = 4; lastKnownFileType = text.script.perl; path = feedNNK.pl; sourceTree = "<group>"; };
		CB5332DA141AC04500AC7AE9 /* makeNNKdata.pl */ = {isa = PBXFileReference; fileEncoding = 4; lastKnownFileType = text.script.perl; path = makeNNKdata.pl; sourceTree = "<group>"; };
		CB5332DB141AC04500AC7AE9 /* makeNNKdata2.pl */ = {isa = PBXFileReference; fileEncoding = 4; lastKnownFileType = text.script.perl; path = makeNNKdata2.pl; sourceTree = "<group>"; };
		CB5332DC141AC04500AC7AE9 /* makeNNKdata3.pl */ = {isa = PBXFileReference; fileEncoding = 4; lastKnownFileType = text.script.perl; path = makeNNKdata3.pl; sourceTree = "<group>"; };
		CB5332DD141AC04500AC7AE9 /* makeNNKinp.pl */ = {isa = PBXFileReference; fileEncoding = 4; lastKnownFileType = text.script.perl; path = makeNNKinp.pl; sourceTree = "<group>"; };
		CB5332DE141AC04500AC7AE9 /* pickstat.pl */ = {isa = PBXFileReference; fileEncoding = 4; lastKnownFileType = text.script.perl; path = pickstat.pl; sourceTree = "<group>"; };
		CB5332DF141AC04500AC7AE9 /* staname4NNK.pl */ = {isa = PBXFileReference; fileEncoding = 4; lastKnownFileType = text.script.perl; path = staname4NNK.pl; sourceTree = "<group>"; };
		CB5332E0141AC04500AC7AE9 /* staname4NNK1.pl */ = {isa = PBXFileReference; fileEncoding = 4; lastKnownFileType = text.script.perl; path = staname4NNK1.pl; sourceTree = "<group>"; };
		CB5332E1141AC04500AC7AE9 /* staNNK2UUSS.pl */ = {isa = PBXFileReference; fileEncoding = 4; lastKnownFileType = text.script.perl; path = staNNK2UUSS.pl; sourceTree = "<group>"; };
/* End PBXFileReference section */

/* Begin PBXGroup section */
		CB532AB9141ABB4200AC7AE9 = {
			isa = PBXGroup;
			children = (
				CB53314A141AC04200AC7AE9 /* Install.pdf */,
				CB53314B141AC04200AC7AE9 /* NNK */,
				CB5331A1141AC04300AC7AE9 /* NNK_clust.m */,
				CB5331A2141AC04300AC7AE9 /* NNK_dtb.m */,
				CB5331A3141AC04300AC7AE9 /* NNK_dtec.m */,
				CB5331A4141AC04300AC7AE9 /* NNK_params.mat */,
				CB5331A5141AC04300AC7AE9 /* NNK_takeparams.m */,
				CB5331A6141AC04300AC7AE9 /* NNK_takeparams.m.macbook */,
				CB5331A7141AC04300AC7AE9 /* NNK.m */,
				CB5331A8141AC04300AC7AE9 /* Plots */,
				CB5332AF141AC04500AC7AE9 /* test.txt */,
				CB5332B0141AC04500AC7AE9 /* tmp */,
				CB5332B9141AC04500AC7AE9 /* Utils */,
			);
			sourceTree = "<group>";
		};
		CB53314B141AC04200AC7AE9 /* NNK */ = {
			isa = PBXGroup;
			children = (
				CB53314C141AC04200AC7AE9 /* ahOVPF2NNK.pl */,
				CB53314D141AC04200AC7AE9 /* bsac.m */,
				CB53314E141AC04200AC7AE9 /* CECM.m */,
				CB53314F141AC04200AC7AE9 /* CECM_core.m */,
				CB533150141AC04200AC7AE9 /* cell2col.m */,
				CB533151141AC04200AC7AE9 /* cell2mat2.m */,
				CB533152141AC04200AC7AE9 /* ch.m */,
				CB533153141AC04200AC7AE9 /* col2cell.m */,
				CB533154141AC04200AC7AE9 /* findandupdate.m */,
				CB533155141AC04200AC7AE9 /* findpeaks.m */,
				CB533156141AC04200AC7AE9 /* helpinsacheader.m */,
				CB533157141AC04200AC7AE9 /* inp2NNK.pl */,
				CB533158141AC04200AC7AE9 /* lh.m */,
				CB533159141AC04200AC7AE9 /* make-RM-INSTR-macro.pl */,
				CB53315A141AC04200AC7AE9 /* makedeltas.m */,
				CB53315B141AC04200AC7AE9 /* makeinp.m */,
				CB53315C141AC04200AC7AE9 /* maxr.m */,
				CB53315D141AC04200AC7AE9 /* myfindpeaks.m */,
				CB53315E141AC04200AC7AE9 /* mymagnitude.m */,
				CB53315F141AC04200AC7AE9 /* NNK_alligncompo.m */,
				CB533160141AC04200AC7AE9 /* NNK_binder.m */,
				CB533161141AC04200AC7AE9 /* NNK_binder_NNK2sac.m */,
				CB533162141AC04200AC7AE9 /* NNK_binder_onestation.m */,
				CB533163141AC04200AC7AE9 /* NNK_CCCs2links.m */,
				CB533164141AC04200AC7AE9 /* NNK_cellxcorr.m */,
				CB533165141AC04200AC7AE9 /* NNK_clear.m */,
				CB533166141AC04200AC7AE9 /* NNK_clust2dtb.m */,
				CB533167141AC04200AC7AE9 /* NNK_clust_cluster.m */,
				CB533168141AC04200AC7AE9 /* NNK_clust_corr-old.m */,
				CB533169141AC04200AC7AE9 /* NNK_clust_corr.m */,
				CB53316A141AC04200AC7AE9 /* NNK_clust_interf.m */,
				CB53316B141AC04200AC7AE9 /* NNK_clust_makeliste.m */,
				CB53316C141AC04200AC7AE9 /* NNK_clust_makeliste_1.pl */,
				CB53316D141AC04200AC7AE9 /* NNK_clust_stack.m */,
				CB53316E141AC04200AC7AE9 /* NNK_dendro_1.pl */,
				CB53316F141AC04200AC7AE9 /* NNK_disp_end.m */,
				CB533170141AC04200AC7AE9 /* NNK_dtb_makeliste.m */,
				CB533171141AC04200AC7AE9 /* NNK_dtb_makeliste.pl */,
				CB533172141AC04200AC7AE9 /* NNK_dtec_CECM.m */,
				CB533173141AC04200AC7AE9 /* NNK_dtec_core.m */,
				CB533174141AC04200AC7AE9 /* NNK_dtec_divideid.m */,
				CB533175141AC04200AC7AE9 /* NNK_dtec_findkey.m */,
				CB533176141AC04200AC7AE9 /* NNK_dtec_ind2time.m */,
				CB533177141AC04200AC7AE9 /* NNK_dtec_makeliste.m */,
				CB533178141AC04200AC7AE9 /* NNK_dtec_makeliste_1.pl */,
				CB533179141AC04200AC7AE9 /* NNK_dtec_makeliste_1_Agathe.pl */,
				CB53317A141AC04200AC7AE9 /* NNK_dtec_readah.m */,
				CB53317B141AC04200AC7AE9 /* NNK_dtec_rms.m */,
				CB53317C141AC04200AC7AE9 /* NNK_getmanualpick.m */,
				CB53317D141AC04200AC7AE9 /* NNK_getpick.m */,
				CB53317E141AC04200AC7AE9 /* NNK_getwf.m */,
				CB53317F141AC04200AC7AE9 /* NNK_interf.m */,
				CB533180141AC04200AC7AE9 /* NNK_peakedit.m */,
				CB533181141AC04200AC7AE9 /* NNK_rsac.m */,
				CB533182141AC04200AC7AE9 /* NNK_sacupdate.m */,
				CB533183141AC04200AC7AE9 /* NNK_selectarrivals.m */,
				CB533184141AC04200AC7AE9 /* NNK_shift.m */,
				CB533185141AC04200AC7AE9 /* NNK_writeinp.m */,
				CB533186141AC04200AC7AE9 /* NNK_xcorr.m */,
				CB533187141AC04200AC7AE9 /* ovpf2NNK.pl */,
				CB533188141AC04200AC7AE9 /* progressbar.m */,
				CB533189141AC04200AC7AE9 /* qint.m */,
				CB53318A141AC04200AC7AE9 /* rsac.m */,
				CB53318B141AC04200AC7AE9 /* sacOVPF2NNK.pl */,
				CB53318C141AC04200AC7AE9 /* slidingmean.m */,
				CB53318D141AC04200AC7AE9 /* slidingmin.m */,
				CB53318E141AC04200AC7AE9 /* slidingrms.m */,
				CB53318F141AC04200AC7AE9 /* slidingsum.m */,
				CB533190141AC04200AC7AE9 /* staname4NNK1.pl */,
				CB533191141AC04200AC7AE9 /* textprogressbar.m */,
				CB533192141AC04200AC7AE9 /* totrash */,
				CB53319E141AC04300AC7AE9 /* uuss2hypo.pl */,
				CB53319F141AC04300AC7AE9 /* uuss2NNK.pl */,
				CB5331A0141AC04300AC7AE9 /* wsac.m */,
			);
			path = NNK;
			sourceTree = "<group>";
		};
		CB533192141AC04200AC7AE9 /* totrash */ = {
			isa = PBXGroup;
			children = (
				CB533193141AC04200AC7AE9 /* CECM_core_ligth.m */,
				CB533194141AC04300AC7AE9 /* double_STAonLTA.m */,
				CB533195141AC04300AC7AE9 /* NNK_clust_params.mat */,
				CB533196141AC04300AC7AE9 /* NNK_clust_rsac.m */,
				CB533197141AC04300AC7AE9 /* NNK_clust_takeparams.m */,
				CB533198141AC04300AC7AE9 /* NNK_dtec_params.mat */,
				CB533199141AC04300AC7AE9 /* NNK_dtec_read.m */,
				CB53319A141AC04300AC7AE9 /* NNK_dtec_readah.m */,
				CB53319B141AC04300AC7AE9 /* NNK_dtec_readsac.m */,
				CB53319C141AC04300AC7AE9 /* NNK_dtec_rsac.m */,
				CB53319D141AC04300AC7AE9 /* NNK_dtec_takeparams.m */,
			);
			path = totrash;
			sourceTree = "<group>";
		};
		CB5331A8141AC04300AC7AE9 /* Plots */ = {
			isa = PBXGroup;
			children = (
				CB5331A9141AC04300AC7AE9 /* 4dt.cc */,
				CB5331AA141AC04400AC7AE9 /* 4dt3d.cc */,
				CB5331AB141AC04400AC7AE9 /* 4jamie.m */,
				CB5331AC141AC04400AC7AE9 /* a.mat */,
				CB5331AD141AC04400AC7AE9 /* addisolate.m */,
				CB5331AE141AC04400AC7AE9 /* arrow3D.m */,
				CB5331AF141AC04400AC7AE9 /* AX.mat */,
				CB5331B0141AC04400AC7AE9 /* chooseslip.m */,
				CB5331B1141AC04400AC7AE9 /* clearselected.m */,
				CB5331B2141AC04400AC7AE9 /* clusterEQ2008dec.mat */,
				CB5331B3141AC04400AC7AE9 /* clusters.m */,
				CB5331B4141AC04400AC7AE9 /* clusters.old */,
				CB5331B5141AC04400AC7AE9 /* clusters.old.m */,
				CB5331B6141AC04400AC7AE9 /* coordinate.pl */,
				CB5331B7141AC04400AC7AE9 /* csvfile2mat.m */,
				CB5331B8141AC04400AC7AE9 /* csvgpsfile.sh */,
				CB5331B9141AC04400AC7AE9 /* cumhist.m */,
				CB5331BA141AC04400AC7AE9 /* cumnomalizedcreationrate.m */,
				CB5331BB141AC04400AC7AE9 /* deleteaxis.m */,
				CB5331BC141AC04400AC7AE9 /* dendro.m */,
				CB5331BD141AC04400AC7AE9 /* dendro2amptime.m */,
				CB5331BE141AC04400AC7AE9 /* dendro2creation.m */,
				CB5331BF141AC04400AC7AE9 /* dendro2magtime.m */,
				CB5331C0141AC04400AC7AE9 /* dendro2wfs.m */,
				CB5331C1141AC04400AC7AE9 /* diffdate.pl */,
				CB5331C2141AC04400AC7AE9 /* diffhist.m */,
				CB5331C3141AC04400AC7AE9 /* dimensioner.m */,
				CB5331C4141AC04400AC7AE9 /* dimlessTempNFlux.m */,
				CB5331C5141AC04400AC7AE9 /* distance.pl */,
				CB5331C6141AC04400AC7AE9 /* drawball.m */,
				CB5331C7141AC04400AC7AE9 /* drawplan.m */,
				CB5331C8141AC04400AC7AE9 /* drawslip.m */,
				CB5331C9141AC04400AC7AE9 /* eclatball.m */,
				CB5331CA141AC04400AC7AE9 /* event.dat */,
				CB5331CB141AC04400AC7AE9 /* event.dat.old */,
				CB5331CC141AC04400AC7AE9 /* event3d.dat */,
				CB5331CD141AC04400AC7AE9 /* excludeperiods.m */,
				CB5331CE141AC04400AC7AE9 /* file */,
				CB5331CF141AC04400AC7AE9 /* filtclust.m */,
				CB5331D0141AC04400AC7AE9 /* findandupdate.m */,
				CB5331D1141AC04400AC7AE9 /* fit3Dplane.m */,
				CB5331D2141AC04400AC7AE9 /* fitcumnomalizedcreationrate.m */,
				CB5331D3141AC04400AC7AE9 /* fpvsFPvshyp.m */,
				CB5331D4141AC04400AC7AE9 /* from_Benoit.m */,
				CB5331D5141AC04400AC7AE9 /* get_goodplan.m */,
				CB5331D6141AC04400AC7AE9 /* get_isolated.sh */,
				CB5331D7141AC04400AC7AE9 /* get_surfaceruturelength.m */,
				CB5331D8141AC04400AC7AE9 /* get_timeperiod.m */,
				CB5331D9141AC04400AC7AE9 /* getdensityhypo.m */,
				CB5331DA141AC04400AC7AE9 /* geticon.m */,
				CB5331DB141AC04400AC7AE9 /* getlims.m */,
				CB5331DC141AC04400AC7AE9 /* getstyle.m */,
				CB5331DD141AC04400AC7AE9 /* getvolumdims.m */,
				CB5331DE141AC04400AC7AE9 /* ginputm.m */,
				CB5331DF141AC04400AC7AE9 /* hpp.mat */,
				CB5331E0141AC04400AC7AE9 /* icons */,
				CB533237141AC04400AC7AE9 /* ID.txt */,
				CB533238141AC04400AC7AE9 /* imag_CCC.m */,
				CB533239141AC04400AC7AE9 /* IND.mat */,
				CB53323A141AC04400AC7AE9 /* isolated.txt */,
				CB53323B141AC04400AC7AE9 /* last.txt */,
				CB53323C141AC04400AC7AE9 /* lh.m */,
				CB53323D141AC04400AC7AE9 /* linkaxes.m */,
				CB53323E141AC04400AC7AE9 /* list */,
				CB53323F141AC04400AC7AE9 /* loc.txt */,
				CB533240141AC04400AC7AE9 /* loc3d.txt */,
				CB533241141AC04400AC7AE9 /* lst.tmp */,
				CB533242141AC04400AC7AE9 /* lst.tmp.old */,
				CB533243141AC04400AC7AE9 /* map2source.m */,
				CB533244141AC04400AC7AE9 /* mccExcludedFiles.log */,
				CB533245141AC04400AC7AE9 /* membutton.mat */,
				CB533246141AC04400AC7AE9 /* mempath.mat */,
				CB533247141AC04400AC7AE9 /* mjd2date.m */,
				CB533248141AC04400AC7AE9 /* MyColormapsCCC.mat */,
				CB533249141AC04400AC7AE9 /* mypaths.m */,
				CB53324A141AC04400AC7AE9 /* myresample.m */,
				CB53324B141AC04400AC7AE9 /* NNK_dendro_1.pl */,
				CB53324C141AC04400AC7AE9 /* NNK_stats.m */,
				CB53324D141AC04400AC7AE9 /* NNKdtb2mat.pl */,
				CB53324E141AC04400AC7AE9 /* num-1.p */,
				CB53324F141AC04400AC7AE9 /* num-1.s */,
				CB533250141AC04400AC7AE9 /* num-2.p */,
				CB533251141AC04400AC7AE9 /* num-2.s */,
				CB533252141AC04400AC7AE9 /* num-3.p */,
				CB533253141AC04400AC7AE9 /* num-3.s */,
				CB533254141AC04400AC7AE9 /* O-C-1.p */,
				CB533255141AC04400AC7AE9 /* O-C-1.s */,
				CB533256141AC04400AC7AE9 /* O-C-2.p */,
				CB533257141AC04400AC7AE9 /* O-C-2.s */,
				CB533258141AC04400AC7AE9 /* O-C-3.p */,
				CB533259141AC04400AC7AE9 /* O-C-3.s */,
				CB53325A141AC04400AC7AE9 /* pathname.mat */,
				CB53325B141AC04400AC7AE9 /* phase.dat */,
				CB53325C141AC04400AC7AE9 /* phase.dat.old */,
				CB53325D141AC04400AC7AE9 /* phase3d.dat */,
				CB53325E141AC04400AC7AE9 /* pickhist.sh */,
				CB53325F141AC04400AC7AE9 /* plot_3Ddomains.m */,
				CB533260141AC04400AC7AE9 /* plot_bb.m */,
				CB533261141AC04400AC7AE9 /* plot_bb_eclat.m */,
				CB533262141AC04400AC7AE9 /* plot_CCC.m */,
				CB533263141AC04400AC7AE9 /* plot_CCC_1.m */,
				CB533264141AC04400AC7AE9 /* plot_clust.m */,
				CB533265141AC04400AC7AE9 /* plot_clustWF.m */,
				CB533266141AC04400AC7AE9 /* plot_dendro.m */,
				CB533267141AC04400AC7AE9 /* plot_dendro_0.m */,
				CB533268141AC04400AC7AE9 /* plot_dendro_1.m */,
				CB533269141AC04400AC7AE9 /* plot_dendro_2.m */,
				CB53326A141AC04400AC7AE9 /* plot_dtb.m */,
				CB53326B141AC04400AC7AE9 /* plot_EQ_1.m */,
				CB53326C141AC04400AC7AE9 /* plot_gmtfault.m */,
				CB53326D141AC04400AC7AE9 /* plot_gooddatetick.m */,
				CB53326E141AC04400AC7AE9 /* plot_goodgeotick.m */,
				CB53326F141AC04400AC7AE9 /* plot_GPSinNNK.m */,
				CB533270141AC04400AC7AE9 /* plot_hypoDD.m */,
				CB533271141AC04400AC7AE9 /* plot_info.m */,
				CB533272141AC04400AC7AE9 /* plot_inverted.m */,
				CB533273141AC04400AC7AE9 /* plot_lims.m */,
				CB533274141AC04500AC7AE9 /* plot_NNK.app */,
				CB533275141AC04500AC7AE9 /* plot_NNK.m */,
				CB533276141AC04500AC7AE9 /* plot_NNK.mat */,
				CB533277141AC04500AC7AE9 /* plot_NNKtools.m */,
				CB533278141AC04500AC7AE9 /* plot_NNKwfs.m */,
				CB533279141AC04500AC7AE9 /* plot_NNKwfsmax.m */,
				CB53327A141AC04500AC7AE9 /* plot_oneclust.m */,
				CB53327B141AC04500AC7AE9 /* plot_path.m */,
				CB53327C141AC04500AC7AE9 /* plot_pickstat.m */,
				CB53327D141AC04500AC7AE9 /* plot_plan.m */,
				CB53327E141AC04500AC7AE9 /* plot_reloc.m */,
				CB53327F141AC04500AC7AE9 /* plot_reloc_1.m */,
				CB533280141AC04500AC7AE9 /* plot_slip.m */,
				CB533281141AC04500AC7AE9 /* plot_text.m */,
				CB533282141AC04500AC7AE9 /* plot_tick.m */,
				CB533283141AC04500AC7AE9 /* plot_Vmodel.m */,
				CB533284141AC04500AC7AE9 /* plot_WFexist.m */,
				CB533285141AC04500AC7AE9 /* plot_WFexist_1.m */,
				CB533286141AC04500AC7AE9 /* plot_Yell.m */,
				CB533287141AC04500AC7AE9 /* posfile2mat.m */,
				CB533288141AC04500AC7AE9 /* prt2hypoDD.pl */,
				CB533289141AC04500AC7AE9 /* randomshoot.m */,
				CB53328A141AC04500AC7AE9 /* readme.txt */,
				CB53328B141AC04500AC7AE9 /* rename */,
				CB53328C141AC04500AC7AE9 /* resizeeffect.m */,
				CB53328D141AC04500AC7AE9 /* resizepanels.m */,
				CB53328E141AC04500AC7AE9 /* rose3D.m */,
				CB53328F141AC04500AC7AE9 /* rotatedata.m */,
				CB533290141AC04500AC7AE9 /* rotateFP.m */,
				CB533291141AC04500AC7AE9 /* rotateslip.m */,
				CB533292141AC04500AC7AE9 /* run_plot_NNK.sh */,
				CB533293141AC04500AC7AE9 /* SeisGram2K.pick */,
				CB533294141AC04500AC7AE9 /* selector.m */,
				CB533295141AC04500AC7AE9 /* sgm.sh */,
				CB533296141AC04500AC7AE9 /* slip.m */,
				CB533297141AC04500AC7AE9 /* split.m */,
				CB533298141AC04500AC7AE9 /* stat.pl */,
				CB533299141AC04500AC7AE9 /* stretch.m */,
				CB53329A141AC04500AC7AE9 /* strings.mat */,
				CB53329B141AC04500AC7AE9 /* takeclust.m */,
				CB53329C141AC04500AC7AE9 /* taketime.m */,
				CB53329D141AC04500AC7AE9 /* test */,
				CB53329E141AC04500AC7AE9 /* test.eps */,
				CB53329F141AC04500AC7AE9 /* test.txt */,
				CB5332A0141AC04500AC7AE9 /* testinp.m */,
				CB5332A1141AC04500AC7AE9 /* text_NNK.m */,
				CB5332A2141AC04500AC7AE9 /* text_signal.m */,
				CB5332A3141AC04500AC7AE9 /* text_slash3points.m */,
				CB5332A4141AC04500AC7AE9 /* timeselector.m */,
				CB5332A5141AC04500AC7AE9 /* tmp1 */,
				CB5332A6141AC04500AC7AE9 /* tmp7.txt */,
				CB5332A7141AC04500AC7AE9 /* tmp8.txt */,
				CB5332A8141AC04500AC7AE9 /* tmp9.txt */,
				CB5332A9141AC04500AC7AE9 /* tmpfaulplane.mat */,
				CB5332AA141AC04500AC7AE9 /* tmpnodalplane.mat */,
				CB5332AB141AC04500AC7AE9 /* total-vs-clustered.tmp */,
				CB5332AC141AC04500AC7AE9 /* total-vs-clustered.tmp.old */,
				CB5332AD141AC04500AC7AE9 /* uuss2hypo.pl */,
				CB5332AE141AC04500AC7AE9 /* x.mat */,
			);
			path = Plots;
			sourceTree = "<group>";
		};
		CB5331E0141AC04400AC7AE9 /* icons */ = {
			isa = PBXGroup;
			children = (
				CB5331E1141AC04400AC7AE9 /* clustersrc.ai */,
				CB5331E2141AC04400AC7AE9 /* clustersrc.gif */,
				CB5331E3141AC04400AC7AE9 /* clustersrc.png */,
				CB5331E4141AC04400AC7AE9 /* clusterwf.ai */,
				CB5331E5141AC04400AC7AE9 /* clusterwf.gif */,
				CB5331E6141AC04400AC7AE9 /* clusterwf.png */,
				CB5331E7141AC04400AC7AE9 /* clvd.ai */,
				CB5331E8141AC04400AC7AE9 /* clvd.gif */,
				CB5331E9141AC04400AC7AE9 /* clvd.png */,
				CB5331EA141AC04400AC7AE9 /* cumulclust.ai */,
				CB5331EB141AC04400AC7AE9 /* cumulclust.gif */,
				CB5331EC141AC04400AC7AE9 /* cumulclust.png */,
				CB5331ED141AC04400AC7AE9 /* cumuls.ai */,
				CB5331EE141AC04400AC7AE9 /* cumuls.gif */,
				CB5331EF141AC04400AC7AE9 /* cumuls.png */,
				CB5331F0141AC04400AC7AE9 /* database.ai */,
				CB5331F1141AC04400AC7AE9 /* database.gif */,
				CB5331F2141AC04400AC7AE9 /* database.png */,
				CB5331F3141AC04400AC7AE9 /* DC.ai */,
				CB5331F4141AC04400AC7AE9 /* DC.gif */,
				CB5331F5141AC04400AC7AE9 /* DC.png */,
				CB5331F6141AC04400AC7AE9 /* dendo.ai */,
				CB5331F7141AC04400AC7AE9 /* dendo.gif */,
				CB5331F8141AC04400AC7AE9 /* dendo.png */,
				CB5331F9141AC04400AC7AE9 /* derivcumuls.ai */,
				CB5331FA141AC04400AC7AE9 /* derivcumuls.gif */,
				CB5331FB141AC04400AC7AE9 /* derivcumuls.png */,
				CB5331FC141AC04400AC7AE9 /* fpplot.ai */,
				CB5331FD141AC04400AC7AE9 /* fpplot.gif */,
				CB5331FE141AC04400AC7AE9 /* fpplot.png */,
				CB5331FF141AC04400AC7AE9 /* hist.ai */,
				CB533200141AC04400AC7AE9 /* hist.gif */,
				CB533201141AC04400AC7AE9 /* hist.png */,
				CB533202141AC04400AC7AE9 /* imag_CCC.m */,
				CB533203141AC04400AC7AE9 /* imag_data.m */,
				CB533204141AC04400AC7AE9 /* imag_dend.m */,
				CB533205141AC04400AC7AE9 /* imag_signal.m */,
				CB533206141AC04400AC7AE9 /* imag_tclust.m */,
				CB533207141AC04400AC7AE9 /* isotrop.ai */,
				CB533208141AC04400AC7AE9 /* isotrop.gif */,
				CB533209141AC04400AC7AE9 /* isotrop.png */,
				CB53320A141AC04400AC7AE9 /* NNK.ai */,
				CB53320B141AC04400AC7AE9 /* NNK.gif */,
				CB53320C141AC04400AC7AE9 /* NNK.png */,
				CB53320D141AC04400AC7AE9 /* obs.ai */,
				CB53320E141AC04400AC7AE9 /* obs.gif */,
				CB53320F141AC04400AC7AE9 /* obs.png */,
				CB533210141AC04400AC7AE9 /* order.ai */,
				CB533211141AC04400AC7AE9 /* order.gif */,
				CB533212141AC04400AC7AE9 /* order.png */,
				CB533213141AC04400AC7AE9 /* path.ai */,
				CB533214141AC04400AC7AE9 /* path.gif */,
				CB533215141AC04400AC7AE9 /* path.png */,
				CB533216141AC04400AC7AE9 /* plotdens.ai */,
				CB533217141AC04400AC7AE9 /* plotdens.gif */,
				CB533218141AC04400AC7AE9 /* plotdens.png */,
				CB533219141AC04400AC7AE9 /* plotdensiso.ai */,
				CB53321A141AC04400AC7AE9 /* plotdensiso.gif */,
				CB53321B141AC04400AC7AE9 /* plotdensiso.png */,
				CB53321C141AC04400AC7AE9 /* plotdensmap.ai */,
				CB53321D141AC04400AC7AE9 /* plotdensmap.gif */,
				CB53321E141AC04400AC7AE9 /* plotdensmap.png */,
				CB53321F141AC04400AC7AE9 /* ploteq.ai */,
				CB533220141AC04400AC7AE9 /* ploteq.gif */,
				CB533221141AC04400AC7AE9 /* ploteq.png */,
				CB533222141AC04400AC7AE9 /* plotmap.ai */,
				CB533223141AC04400AC7AE9 /* plotmap.gif */,
				CB533224141AC04400AC7AE9 /* plotmap.png */,
				CB533225141AC04400AC7AE9 /* reload.ai */,
				CB533226141AC04400AC7AE9 /* reload.gif */,
				CB533227141AC04400AC7AE9 /* reload.png */,
				CB533228141AC04400AC7AE9 /* reloc.ai */,
				CB533229141AC04400AC7AE9 /* reloc.gif */,
				CB53322A141AC04400AC7AE9 /* reloc.png */,
				CB53322B141AC04400AC7AE9 /* rms.ai */,
				CB53322C141AC04400AC7AE9 /* rms.gif */,
				CB53322D141AC04400AC7AE9 /* rms.png */,
				CB53322E141AC04400AC7AE9 /* startNend.ai */,
				CB53322F141AC04400AC7AE9 /* startNend.gif */,
				CB533230141AC04400AC7AE9 /* startNend.png */,
				CB533231141AC04400AC7AE9 /* startNendderiv.ai */,
				CB533232141AC04400AC7AE9 /* startNendderiv.gif */,
				CB533233141AC04400AC7AE9 /* startNendderiv.png */,
				CB533234141AC04400AC7AE9 /* trace.ai */,
				CB533235141AC04400AC7AE9 /* trace.gif */,
				CB533236141AC04400AC7AE9 /* trace.png */,
			);
			path = icons;
			sourceTree = "<group>";
		};
		CB5332B0141AC04500AC7AE9 /* tmp */ = {
			isa = PBXGroup;
			children = (
				CB5332B1141AC04500AC7AE9 /* clstCC.mat */,
				CB5332B2141AC04500AC7AE9 /* clstClust.mat */,
				CB5332B3141AC04500AC7AE9 /* clstClustpaths.mat */,
				CB5332B4141AC04500AC7AE9 /* clstwf.mat */,
				CB5332B5141AC04500AC7AE9 /* tmp1_1.mat */,
				CB5332B6141AC04500AC7AE9 /* tmp2_1.mat */,
				CB5332B7141AC04500AC7AE9 /* tmp2_2.mat */,
				CB5332B8141AC04500AC7AE9 /* tmp2_3.mat */,
			);
			path = tmp;
			sourceTree = "<group>";
		};
		CB5332B9141AC04500AC7AE9 /* Utils */ = {
			isa = PBXGroup;
			children = (
				CB5332BA141AC04500AC7AE9 /* fort */,
				CB5332BB141AC04500AC7AE9 /* mat */,
				CB5332C1141AC04500AC7AE9 /* NLLoc2tomoTV */,
				CB5332CA141AC04500AC7AE9 /* text */,
				CB5332CD141AC04500AC7AE9 /* totrash */,
				CB5332D3141AC04500AC7AE9 /* UUSS2NNK */,
			);
			path = Utils;
			sourceTree = "<group>";
		};
		CB5332BA141AC04500AC7AE9 /* fort */ = {
			isa = PBXGroup;
			children = (
			);
			path = fort;
			sourceTree = "<group>";
		};
		CB5332BB141AC04500AC7AE9 /* mat */ = {
			isa = PBXGroup;
			children = (
				CB5332BC141AC04500AC7AE9 /* chi2test.m */,
				CB5332BD141AC04500AC7AE9 /* NNK_xcorr.m */,
				CB5332BE141AC04500AC7AE9 /* NNK_xcorr_benchmark.m */,
				CB5332BF141AC04500AC7AE9 /* plotpickstat.m */,
				CB5332C0141AC04500AC7AE9 /* times.mat */,
			);
			path = mat;
			sourceTree = "<group>";
		};
		CB5332C1141AC04500AC7AE9 /* NLLoc2tomoTV */ = {
			isa = PBXGroup;
			children = (
				CB5332C2141AC04500AC7AE9 /* a.out */,
				CB5332C3141AC04500AC7AE9 /* rdNNK */,
				CB5332C4141AC04500AC7AE9 /* rdNNK.f */,
				CB5332C5141AC04500AC7AE9 /* rdsac3 */,
				CB5332C6141AC04500AC7AE9 /* rdsac3.f */,
				CB5332C7141AC04500AC7AE9 /* rdsac3.sh */,
				CB5332C8141AC04500AC7AE9 /* VmodelNLL2tomoTV.f */,
				CB5332C9141AC04500AC7AE9 /* VmodelNLL2tomoTV.pl */,
			);
			path = NLLoc2tomoTV;
			sourceTree = "<group>";
		};
		CB5332CA141AC04500AC7AE9 /* text */ = {
			isa = PBXGroup;
			children = (
				CB5332CB141AC04500AC7AE9 /* stalist.txt */,
				CB5332CC141AC04500AC7AE9 /* STAT.txt */,
			);
			path = text;
			sourceTree = "<group>";
		};
		CB5332CD141AC04500AC7AE9 /* totrash */ = {
			isa = PBXGroup;
			children = (
				CB5332CE141AC04500AC7AE9 /* pickstat.pl */,
				CB5332CF141AC04500AC7AE9 /* tes */,
				CB5332D0141AC04500AC7AE9 /* tmp0.txt */,
				CB5332D1141AC04500AC7AE9 /* tmp1.txt */,
				CB5332D2141AC04500AC7AE9 /* tmp2.txt */,
			);
			path = totrash;
			sourceTree = "<group>";
		};
		CB5332D3141AC04500AC7AE9 /* UUSS2NNK */ = {
			isa = PBXGroup;
			children = (
				CB5332D4141AC04500AC7AE9 /* cleandata.pl */,
				CB5332D5141AC04500AC7AE9 /* diffdate.pl */,
				CB5332D6141AC04500AC7AE9 /* eventfilt.pl */,
				CB5332D7141AC04500AC7AE9 /* eventfilt1.pl */,
				CB5332D8141AC04500AC7AE9 /* eventfilt2.pl */,
				CB5332D9141AC04500AC7AE9 /* feedNNK.pl */,
				CB5332DA141AC04500AC7AE9 /* makeNNKdata.pl */,
				CB5332DB141AC04500AC7AE9 /* makeNNKdata2.pl */,
				CB5332DC141AC04500AC7AE9 /* makeNNKdata3.pl */,
				CB5332DD141AC04500AC7AE9 /* makeNNKinp.pl */,
				CB5332DE141AC04500AC7AE9 /* pickstat.pl */,
				CB5332DF141AC04500AC7AE9 /* staname4NNK.pl */,
				CB5332E0141AC04500AC7AE9 /* staname4NNK1.pl */,
				CB5332E1141AC04500AC7AE9 /* staNNK2UUSS.pl */,
			);
			path = UUSS2NNK;
			sourceTree = "<group>";
		};
/* End PBXGroup section */

/* Begin PBXProject section */
		CB532ABB141ABB4200AC7AE9 /* Project object */ = {
			isa = PBXProject;
			buildConfigurationList = CB532ABE141ABB4200AC7AE9 /* Build configuration list for PBXProject "NaiNo-Kami" */;
			compatibilityVersion = "Xcode 2.4";
			developmentRegion = English;
			hasScannedForEncodings = 0;
			knownRegions = (
				English,
				Japanese,
				French,
				German,
			);
			mainGroup = CB532AB9141ABB4200AC7AE9;
			projectDirPath = "";
			projectRoot = "";
			targets = (
			);
		};
/* End PBXProject section */

/* Begin XCBuildConfiguration section */
		CB532ABC141ABB4200AC7AE9 /* Debug */ = {
			isa = XCBuildConfiguration;
			buildSettings = {
				COPY_PHASE_STRIP = NO;
			};
			name = Debug;
		};
		CB532ABD141ABB4200AC7AE9 /* Release */ = {
			isa = XCBuildConfiguration;
			buildSettings = {
				COPY_PHASE_STRIP = YES;
			};
			name = Release;
		};
/* End XCBuildConfiguration section */

/* Begin XCConfigurationList section */
		CB532ABE141ABB4200AC7AE9 /* Build configuration list for PBXProject "NaiNo-Kami" */ = {
			isa = XCConfigurationList;
			buildConfigurations = (
				CB532ABC141ABB4200AC7AE9 /* Debug */,
				CB532ABD141ABB4200AC7AE9 /* Release */,
			);
			defaultConfigurationIsVisible = 0;
			defaultConfigurationName = Release;
		};
/* End XCConfigurationList section */
	};
	rootObject = CB532ABB141ABB4200AC7AE9 /* Project object */;
}
